// !$*UTF8*$!
{
	archiveVersion = 1;
	classes = {
	};
	objectVersion = 46;
	objects = {

/* Begin PBXBuildFile section */
		16B54A80B7B47B636EBCCDDE /* Pods_BoredBets.framework in Frameworks */ = {isa = PBXBuildFile; fileRef = E78CCF20A5766BA0841F330F /* Pods_BoredBets.framework */; };
		228089DA1DC0598C00AF3E9A /* LoginViewController.swift in Sources */ = {isa = PBXBuildFile; fileRef = 228089D91DC0598C00AF3E9A /* LoginViewController.swift */; };
		22B993221DE2BC55002AA1CC /* CategoryViewController.swift in Sources */ = {isa = PBXBuildFile; fileRef = 22B993211DE2BC55002AA1CC /* CategoryViewController.swift */; };
		22BBBD1A1DCABDC70004D270 /* CreateProfileViewController.swift in Sources */ = {isa = PBXBuildFile; fileRef = 22BBBD191DCABDC70004D270 /* CreateProfileViewController.swift */; };
		22BEE46D1DBD90FD007B3982 /* GoogleService-Info.plist in Resources */ = {isa = PBXBuildFile; fileRef = 22BEE46C1DBD90FD007B3982 /* GoogleService-Info.plist */; };
		22BEE46E1DBD90FD007B3982 /* GoogleService-Info.plist in Resources */ = {isa = PBXBuildFile; fileRef = 22BEE46C1DBD90FD007B3982 /* GoogleService-Info.plist */; };
		22BEE46F1DBD90FD007B3982 /* GoogleService-Info.plist in Resources */ = {isa = PBXBuildFile; fileRef = 22BEE46C1DBD90FD007B3982 /* GoogleService-Info.plist */; };
		22CE1D291DC9558100DFCD11 /* MediatorViewController.swift in Sources */ = {isa = PBXBuildFile; fileRef = 22CE1D281DC9558100DFCD11 /* MediatorViewController.swift */; };
		22EA486C1DDFB44C00464B6A /* BetsInCategoryViewController.swift in Sources */ = {isa = PBXBuildFile; fileRef = 22EA486B1DDFB44C00464B6A /* BetsInCategoryViewController.swift */; };
		22EA486E1DDFBBE300464B6A /* Categories.swift in Sources */ = {isa = PBXBuildFile; fileRef = 22EA486D1DDFBBE300464B6A /* Categories.swift */; };
		22EF06C01DDF9CA3002E4116 /* SettingsViewController.swift in Sources */ = {isa = PBXBuildFile; fileRef = 22EF06BF1DDF9CA3002E4116 /* SettingsViewController.swift */; };
		2779392F1DC9C4FE00B5A401 /* Extensions.swift in Sources */ = {isa = PBXBuildFile; fileRef = 2779392E1DC9C4FE00B5A401 /* Extensions.swift */; };
		277939321DC9C5D400B5A401 /* MenuBar.swift in Sources */ = {isa = PBXBuildFile; fileRef = 277939311DC9C5D400B5A401 /* MenuBar.swift */; };
		277939361DC9CBB400B5A401 /* Cells.swift in Sources */ = {isa = PBXBuildFile; fileRef = 277939351DC9CBB400B5A401 /* Cells.swift */; };
		27A1AC081DDED0180051048D /* SearchViewController.swift in Sources */ = {isa = PBXBuildFile; fileRef = 27A1AC071DDED0180051048D /* SearchViewController.swift */; };
		27F9D07B1DE44AF900F8D8CB /* UserTableViewCell.swift in Sources */ = {isa = PBXBuildFile; fileRef = 27F9D07A1DE44AF900F8D8CB /* UserTableViewCell.swift */; };
		3AA2FC0184F23F6A2A9AC3E6 /* Pods_BoredBetsTests.framework in Frameworks */ = {isa = PBXBuildFile; fileRef = C23EB6C866FFFAFAF31BD121 /* Pods_BoredBetsTests.framework */; };
		4A1B9D5C1DE4020100C472A1 /* SelectCategoryViewController.swift in Sources */ = {isa = PBXBuildFile; fileRef = 4A1B9D5B1DE4020100C472A1 /* SelectCategoryViewController.swift */; };
		4A1B9D5E1DE4084300C472A1 /* ActiveBetTableViewCell.swift in Sources */ = {isa = PBXBuildFile; fileRef = 4A1B9D5D1DE4084300C472A1 /* ActiveBetTableViewCell.swift */; };
		4A2FDFD21DBD9CC7004A8835 /* Bet.swift in Sources */ = {isa = PBXBuildFile; fileRef = 4A2FDFD11DBD9CC7004A8835 /* Bet.swift */; };
		4A6812061DCE9DB2000441AC /* BetFactory.swift in Sources */ = {isa = PBXBuildFile; fileRef = 4A6812051DCE9DB2000441AC /* BetFactory.swift */; };
		4A7B0CBE1DBD9F38008144C4 /* User.swift in Sources */ = {isa = PBXBuildFile; fileRef = 4A7B0CBD1DBD9F38008144C4 /* User.swift */; };
		4A7B0CC21DBDA012008144C4 /* Comment.swift in Sources */ = {isa = PBXBuildFile; fileRef = 4A7B0CC11DBDA012008144C4 /* Comment.swift */; };
		4A7B0CC41DBDA1C7008144C4 /* Wager.swift in Sources */ = {isa = PBXBuildFile; fileRef = 4A7B0CC31DBDA1C7008144C4 /* Wager.swift */; };
		4A839FF41DBD902C0078A616 /* AppDelegate.swift in Sources */ = {isa = PBXBuildFile; fileRef = 4A839FF31DBD902C0078A616 /* AppDelegate.swift */; };
		4A839FF61DBD902C0078A616 /* RootViewController.swift in Sources */ = {isa = PBXBuildFile; fileRef = 4A839FF51DBD902C0078A616 /* RootViewController.swift */; };
		4A839FF81DBD902C0078A616 /* DataViewController.swift in Sources */ = {isa = PBXBuildFile; fileRef = 4A839FF71DBD902C0078A616 /* DataViewController.swift */; };
		4A839FFA1DBD902C0078A616 /* ModelController.swift in Sources */ = {isa = PBXBuildFile; fileRef = 4A839FF91DBD902C0078A616 /* ModelController.swift */; };
		4A839FFD1DBD902C0078A616 /* Main.storyboard in Resources */ = {isa = PBXBuildFile; fileRef = 4A839FFB1DBD902C0078A616 /* Main.storyboard */; };
		4A839FFF1DBD902C0078A616 /* Assets.xcassets in Resources */ = {isa = PBXBuildFile; fileRef = 4A839FFE1DBD902C0078A616 /* Assets.xcassets */; };
		4A83A0021DBD902C0078A616 /* LaunchScreen.storyboard in Resources */ = {isa = PBXBuildFile; fileRef = 4A83A0001DBD902C0078A616 /* LaunchScreen.storyboard */; };
		4A83A00D1DBD902C0078A616 /* BoredBetsTests.swift in Sources */ = {isa = PBXBuildFile; fileRef = 4A83A00C1DBD902C0078A616 /* BoredBetsTests.swift */; };
		4A83A0181DBD902C0078A616 /* BoredBetsUITests.swift in Sources */ = {isa = PBXBuildFile; fileRef = 4A83A0171DBD902C0078A616 /* BoredBetsUITests.swift */; };
		4A87382C1DE3BE96006D1348 /* MediatedBetCellTableViewCell.swift in Sources */ = {isa = PBXBuildFile; fileRef = 4A87382B1DE3BE96006D1348 /* MediatedBetCellTableViewCell.swift */; };
		4A93E1B51DC5764A00305C7D /* SetBetDetailsViewController.swift in Sources */ = {isa = PBXBuildFile; fileRef = 4A93E1B41DC5764A00305C7D /* SetBetDetailsViewController.swift */; };
		4A9B8D2D1DCFB808007F326A /* SettleBetViewController.swift in Sources */ = {isa = PBXBuildFile; fileRef = 4A9B8D2C1DCFB808007F326A /* SettleBetViewController.swift */; };
		4A9B8D2F1DCFBB26007F326A /* RestrictWagerOptionsViewController.swift in Sources */ = {isa = PBXBuildFile; fileRef = 4A9B8D2E1DCFBB26007F326A /* RestrictWagerOptionsViewController.swift */; };
		4A9B8D311DD3EEE2007F326A /* BetResultsViewController.swift in Sources */ = {isa = PBXBuildFile; fileRef = 4A9B8D301DD3EEE2007F326A /* BetResultsViewController.swift */; };
		4A9B8D331DD3FD5D007F326A /* BetHistoryViewController.swift in Sources */ = {isa = PBXBuildFile; fileRef = 4A9B8D321DD3FD5D007F326A /* BetHistoryViewController.swift */; };
		4AAF45BA1DE8C4610020D8A3 /* BetHistoryTableViewCell.swift in Sources */ = {isa = PBXBuildFile; fileRef = 4AAF45B91DE8C4610020D8A3 /* BetHistoryTableViewCell.swift */; };
		4AAF45BF1DE8E3800020D8A3 /* TextFieldLabelAnimation.swift in Sources */ = {isa = PBXBuildFile; fileRef = 4AAF45BE1DE8E3800020D8A3 /* TextFieldLabelAnimation.swift */; };
		4AB0CB6F1DBDC5E6002EB0D2 /* CreateBetViewController.swift in Sources */ = {isa = PBXBuildFile; fileRef = 4AB0CB6E1DBDC5E6002EB0D2 /* CreateBetViewController.swift */; };
		4AB0CB711DBDC60D002EB0D2 /* ViewBetViewController.swift in Sources */ = {isa = PBXBuildFile; fileRef = 4AB0CB701DBDC60D002EB0D2 /* ViewBetViewController.swift */; };
		4AB0CB731DBDC61F002EB0D2 /* MakeWagerViewController.swift in Sources */ = {isa = PBXBuildFile; fileRef = 4AB0CB721DBDC61F002EB0D2 /* MakeWagerViewController.swift */; };
		4AB0CB771DBDC682002EB0D2 /* ViewProfileViewController.swift in Sources */ = {isa = PBXBuildFile; fileRef = 4AB0CB761DBDC682002EB0D2 /* ViewProfileViewController.swift */; };
		4AB0CB791DBDC6B8002EB0D2 /* ViewBetHistoryViewController.swift in Sources */ = {isa = PBXBuildFile; fileRef = 4AB0CB781DBDC6B8002EB0D2 /* ViewBetHistoryViewController.swift */; };
		4AB0CB7B1DBDC6E5002EB0D2 /* EditBetViewController.swift in Sources */ = {isa = PBXBuildFile; fileRef = 4AB0CB7A1DBDC6E5002EB0D2 /* EditBetViewController.swift */; };
		4AB0CB7D1DBDC6FE002EB0D2 /* LocalBetMapViewController.swift in Sources */ = {isa = PBXBuildFile; fileRef = 4AB0CB7C1DBDC6FE002EB0D2 /* LocalBetMapViewController.swift */; };
		4AC2B12E1DE4E09F0059953E /* AchievementCollectionViewCell.swift in Sources */ = {isa = PBXBuildFile; fileRef = 4AC2B12D1DE4E09F0059953E /* AchievementCollectionViewCell.swift */; };
		4AF9242D1DC320A1009E1CD9 /* BBUtilities.swift in Sources */ = {isa = PBXBuildFile; fileRef = 4AF9242C1DC320A1009E1CD9 /* BBUtilities.swift */; };
		4AFFFF421DC3DB9000B0438A /* ActiveBetsViewController.swift in Sources */ = {isa = PBXBuildFile; fileRef = 4AFFFF411DC3DB9000B0438A /* ActiveBetsViewController.swift */; };
		4AFFFF441DC3DBA200B0438A /* MediatingBetsViewController.swift in Sources */ = {isa = PBXBuildFile; fileRef = 4AFFFF431DC3DBA200B0438A /* MediatingBetsViewController.swift */; };
		5EAB74206AD099E126896460 /* Pods_BoredBetsUITests.framework in Frameworks */ = {isa = PBXBuildFile; fileRef = 50F34160DDCA1543AA755AFC /* Pods_BoredBetsUITests.framework */; };
		9B0A5BCD1DC5BD8800D12446 /* BetMarker.swift in Sources */ = {isa = PBXBuildFile; fileRef = 9B0A5BCC1DC5BD8800D12446 /* BetMarker.swift */; };
		9B1CE0121DC5B196004A1A1A /* InfoWindow.xib in Resources */ = {isa = PBXBuildFile; fileRef = 9B1CE0111DC5B196004A1A1A /* InfoWindow.xib */; };
		9B1CE0141DC5B24A004A1A1A /* BetInfoWindow.swift in Sources */ = {isa = PBXBuildFile; fileRef = 9B1CE0131DC5B24A004A1A1A /* BetInfoWindow.swift */; };
		9B2AAB8F1DE3DD940002E186 /* ReportResultsViewController.swift in Sources */ = {isa = PBXBuildFile; fileRef = 9B2AAB8E1DE3DD940002E186 /* ReportResultsViewController.swift */; };
		9B5906C01DCFC88C00877220 /* CreateBetMap.swift in Sources */ = {isa = PBXBuildFile; fileRef = 9B5906BF1DCFC88C00877220 /* CreateBetMap.swift */; };
		9B5906C21DCFC8AD00877220 /* SetLocationInfoWindow.xib in Resources */ = {isa = PBXBuildFile; fileRef = 9B5906C11DCFC8AD00877220 /* SetLocationInfoWindow.xib */; };
		9B5906C41DCFDDD700877220 /* BetList.swift in Sources */ = {isa = PBXBuildFile; fileRef = 9B5906C31DCFDDD700877220 /* BetList.swift */; };
		9B5906C61DCFFF5F00877220 /* BetListCell.swift in Sources */ = {isa = PBXBuildFile; fileRef = 9B5906C51DCFFF5F00877220 /* BetListCell.swift */; };
		9B9939801DC56BA1003B0E17 /* Map.swift in Sources */ = {isa = PBXBuildFile; fileRef = 9B99397F1DC56BA1003B0E17 /* Map.swift */; };
/* End PBXBuildFile section */

/* Begin PBXContainerItemProxy section */
		4A83A0091DBD902C0078A616 /* PBXContainerItemProxy */ = {
			isa = PBXContainerItemProxy;
			containerPortal = 4A839FE81DBD902B0078A616 /* Project object */;
			proxyType = 1;
			remoteGlobalIDString = 4A839FEF1DBD902B0078A616;
			remoteInfo = BoredBets;
		};
		4A83A0141DBD902C0078A616 /* PBXContainerItemProxy */ = {
			isa = PBXContainerItemProxy;
			containerPortal = 4A839FE81DBD902B0078A616 /* Project object */;
			proxyType = 1;
			remoteGlobalIDString = 4A839FEF1DBD902B0078A616;
			remoteInfo = BoredBets;
		};
/* End PBXContainerItemProxy section */

/* Begin PBXFileReference section */
		0575511BDFC8A31F6E5A41B8 /* Pods-BoredBets.debug.xcconfig */ = {isa = PBXFileReference; includeInIndex = 1; lastKnownFileType = text.xcconfig; name = "Pods-BoredBets.debug.xcconfig"; path = "Pods/Target Support Files/Pods-BoredBets/Pods-BoredBets.debug.xcconfig"; sourceTree = "<group>"; };
		228089D91DC0598C00AF3E9A /* LoginViewController.swift */ = {isa = PBXFileReference; fileEncoding = 4; lastKnownFileType = sourcecode.swift; path = LoginViewController.swift; sourceTree = "<group>"; };
		22B993211DE2BC55002AA1CC /* CategoryViewController.swift */ = {isa = PBXFileReference; fileEncoding = 4; lastKnownFileType = sourcecode.swift; path = CategoryViewController.swift; sourceTree = "<group>"; };
		22BBBD191DCABDC70004D270 /* CreateProfileViewController.swift */ = {isa = PBXFileReference; fileEncoding = 4; lastKnownFileType = sourcecode.swift; path = CreateProfileViewController.swift; sourceTree = "<group>"; };
		22BEE46C1DBD90FD007B3982 /* GoogleService-Info.plist */ = {isa = PBXFileReference; fileEncoding = 4; lastKnownFileType = text.plist.xml; path = "GoogleService-Info.plist"; sourceTree = "<group>"; };
		22CE1D271DC7F66800DFCD11 /* BoredBets.entitlements */ = {isa = PBXFileReference; lastKnownFileType = text.plist.entitlements; path = BoredBets.entitlements; sourceTree = "<group>"; };
		22CE1D281DC9558100DFCD11 /* MediatorViewController.swift */ = {isa = PBXFileReference; fileEncoding = 4; lastKnownFileType = sourcecode.swift; path = MediatorViewController.swift; sourceTree = "<group>"; };
		22E4995E1DC05F8C006EE352 /* BoredBets-Bridging-Header.h */ = {isa = PBXFileReference; lastKnownFileType = sourcecode.c.h; path = "BoredBets-Bridging-Header.h"; sourceTree = "<group>"; };
		22EA486B1DDFB44C00464B6A /* BetsInCategoryViewController.swift */ = {isa = PBXFileReference; fileEncoding = 4; lastKnownFileType = sourcecode.swift; path = BetsInCategoryViewController.swift; sourceTree = "<group>"; };
		22EA486D1DDFBBE300464B6A /* Categories.swift */ = {isa = PBXFileReference; fileEncoding = 4; lastKnownFileType = sourcecode.swift; path = Categories.swift; sourceTree = "<group>"; };
		22EF06BF1DDF9CA3002E4116 /* SettingsViewController.swift */ = {isa = PBXFileReference; fileEncoding = 4; lastKnownFileType = sourcecode.swift; path = SettingsViewController.swift; sourceTree = "<group>"; };
		2779392E1DC9C4FE00B5A401 /* Extensions.swift */ = {isa = PBXFileReference; fileEncoding = 4; lastKnownFileType = sourcecode.swift; path = Extensions.swift; sourceTree = "<group>"; };
		277939311DC9C5D400B5A401 /* MenuBar.swift */ = {isa = PBXFileReference; fileEncoding = 4; lastKnownFileType = sourcecode.swift; path = MenuBar.swift; sourceTree = "<group>"; };
		277939351DC9CBB400B5A401 /* Cells.swift */ = {isa = PBXFileReference; fileEncoding = 4; lastKnownFileType = sourcecode.swift; path = Cells.swift; sourceTree = "<group>"; };
		27A1AC071DDED0180051048D /* SearchViewController.swift */ = {isa = PBXFileReference; fileEncoding = 4; lastKnownFileType = sourcecode.swift; path = SearchViewController.swift; sourceTree = "<group>"; };
		27F9D07A1DE44AF900F8D8CB /* UserTableViewCell.swift */ = {isa = PBXFileReference; fileEncoding = 4; lastKnownFileType = sourcecode.swift; path = UserTableViewCell.swift; sourceTree = "<group>"; };
		30DC04C337F5B676E9D1EC61 /* Pods-BoredBets.release.xcconfig */ = {isa = PBXFileReference; includeInIndex = 1; lastKnownFileType = text.xcconfig; name = "Pods-BoredBets.release.xcconfig"; path = "Pods/Target Support Files/Pods-BoredBets/Pods-BoredBets.release.xcconfig"; sourceTree = "<group>"; };
		3A6912D3CCACE242E7CD5EF2 /* Pods-BoredBetsTests.debug.xcconfig */ = {isa = PBXFileReference; includeInIndex = 1; lastKnownFileType = text.xcconfig; name = "Pods-BoredBetsTests.debug.xcconfig"; path = "Pods/Target Support Files/Pods-BoredBetsTests/Pods-BoredBetsTests.debug.xcconfig"; sourceTree = "<group>"; };
		3EE1D4CA85B702B2ADBDD973 /* Pods-BoredBetsUITests.release.xcconfig */ = {isa = PBXFileReference; includeInIndex = 1; lastKnownFileType = text.xcconfig; name = "Pods-BoredBetsUITests.release.xcconfig"; path = "Pods/Target Support Files/Pods-BoredBetsUITests/Pods-BoredBetsUITests.release.xcconfig"; sourceTree = "<group>"; };
		4A1B9D5B1DE4020100C472A1 /* SelectCategoryViewController.swift */ = {isa = PBXFileReference; fileEncoding = 4; lastKnownFileType = sourcecode.swift; path = SelectCategoryViewController.swift; sourceTree = "<group>"; };
		4A1B9D5D1DE4084300C472A1 /* ActiveBetTableViewCell.swift */ = {isa = PBXFileReference; fileEncoding = 4; lastKnownFileType = sourcecode.swift; path = ActiveBetTableViewCell.swift; sourceTree = "<group>"; };
		4A2FDFD11DBD9CC7004A8835 /* Bet.swift */ = {isa = PBXFileReference; fileEncoding = 4; lastKnownFileType = sourcecode.swift; path = Bet.swift; sourceTree = "<group>"; };
		4A6812051DCE9DB2000441AC /* BetFactory.swift */ = {isa = PBXFileReference; fileEncoding = 4; lastKnownFileType = sourcecode.swift; path = BetFactory.swift; sourceTree = "<group>"; };
		4A7B0CBD1DBD9F38008144C4 /* User.swift */ = {isa = PBXFileReference; fileEncoding = 4; lastKnownFileType = sourcecode.swift; path = User.swift; sourceTree = "<group>"; };
		4A7B0CC11DBDA012008144C4 /* Comment.swift */ = {isa = PBXFileReference; fileEncoding = 4; lastKnownFileType = sourcecode.swift; path = Comment.swift; sourceTree = "<group>"; };
		4A7B0CC31DBDA1C7008144C4 /* Wager.swift */ = {isa = PBXFileReference; fileEncoding = 4; lastKnownFileType = sourcecode.swift; path = Wager.swift; sourceTree = "<group>"; };
		4A839FF01DBD902C0078A616 /* BoredBets.app */ = {isa = PBXFileReference; explicitFileType = wrapper.application; includeInIndex = 0; path = BoredBets.app; sourceTree = BUILT_PRODUCTS_DIR; };
		4A839FF31DBD902C0078A616 /* AppDelegate.swift */ = {isa = PBXFileReference; lastKnownFileType = sourcecode.swift; path = AppDelegate.swift; sourceTree = "<group>"; };
		4A839FF51DBD902C0078A616 /* RootViewController.swift */ = {isa = PBXFileReference; lastKnownFileType = sourcecode.swift; path = RootViewController.swift; sourceTree = "<group>"; };
		4A839FF71DBD902C0078A616 /* DataViewController.swift */ = {isa = PBXFileReference; lastKnownFileType = sourcecode.swift; path = DataViewController.swift; sourceTree = "<group>"; };
		4A839FF91DBD902C0078A616 /* ModelController.swift */ = {isa = PBXFileReference; lastKnownFileType = sourcecode.swift; path = ModelController.swift; sourceTree = "<group>"; };
		4A839FFC1DBD902C0078A616 /* Base */ = {isa = PBXFileReference; lastKnownFileType = file.storyboard; name = Base; path = Base.lproj/Main.storyboard; sourceTree = "<group>"; };
		4A839FFE1DBD902C0078A616 /* Assets.xcassets */ = {isa = PBXFileReference; lastKnownFileType = folder.assetcatalog; path = Assets.xcassets; sourceTree = "<group>"; };
		4A83A0011DBD902C0078A616 /* Base */ = {isa = PBXFileReference; lastKnownFileType = file.storyboard; name = Base; path = Base.lproj/LaunchScreen.storyboard; sourceTree = "<group>"; };
		4A83A0031DBD902C0078A616 /* Info.plist */ = {isa = PBXFileReference; lastKnownFileType = text.plist.xml; path = Info.plist; sourceTree = "<group>"; };
		4A83A0081DBD902C0078A616 /* BoredBetsTests.xctest */ = {isa = PBXFileReference; explicitFileType = wrapper.cfbundle; includeInIndex = 0; path = BoredBetsTests.xctest; sourceTree = BUILT_PRODUCTS_DIR; };
		4A83A00C1DBD902C0078A616 /* BoredBetsTests.swift */ = {isa = PBXFileReference; lastKnownFileType = sourcecode.swift; path = BoredBetsTests.swift; sourceTree = "<group>"; };
		4A83A00E1DBD902C0078A616 /* Info.plist */ = {isa = PBXFileReference; lastKnownFileType = text.plist.xml; path = Info.plist; sourceTree = "<group>"; };
		4A83A0131DBD902C0078A616 /* BoredBetsUITests.xctest */ = {isa = PBXFileReference; explicitFileType = wrapper.cfbundle; includeInIndex = 0; path = BoredBetsUITests.xctest; sourceTree = BUILT_PRODUCTS_DIR; };
		4A83A0171DBD902C0078A616 /* BoredBetsUITests.swift */ = {isa = PBXFileReference; lastKnownFileType = sourcecode.swift; path = BoredBetsUITests.swift; sourceTree = "<group>"; };
		4A83A0191DBD902C0078A616 /* Info.plist */ = {isa = PBXFileReference; lastKnownFileType = text.plist.xml; path = Info.plist; sourceTree = "<group>"; };
		4A87382B1DE3BE96006D1348 /* MediatedBetCellTableViewCell.swift */ = {isa = PBXFileReference; fileEncoding = 4; lastKnownFileType = sourcecode.swift; path = MediatedBetCellTableViewCell.swift; sourceTree = "<group>"; };
		4A93E1B41DC5764A00305C7D /* SetBetDetailsViewController.swift */ = {isa = PBXFileReference; fileEncoding = 4; lastKnownFileType = sourcecode.swift; path = SetBetDetailsViewController.swift; sourceTree = "<group>"; };
		4A9B8D2C1DCFB808007F326A /* SettleBetViewController.swift */ = {isa = PBXFileReference; fileEncoding = 4; lastKnownFileType = sourcecode.swift; path = SettleBetViewController.swift; sourceTree = "<group>"; };
		4A9B8D2E1DCFBB26007F326A /* RestrictWagerOptionsViewController.swift */ = {isa = PBXFileReference; fileEncoding = 4; lastKnownFileType = sourcecode.swift; path = RestrictWagerOptionsViewController.swift; sourceTree = "<group>"; };
		4A9B8D301DD3EEE2007F326A /* BetResultsViewController.swift */ = {isa = PBXFileReference; fileEncoding = 4; lastKnownFileType = sourcecode.swift; path = BetResultsViewController.swift; sourceTree = "<group>"; };
		4A9B8D321DD3FD5D007F326A /* BetHistoryViewController.swift */ = {isa = PBXFileReference; fileEncoding = 4; lastKnownFileType = sourcecode.swift; path = BetHistoryViewController.swift; sourceTree = "<group>"; };
		4AAF45B91DE8C4610020D8A3 /* BetHistoryTableViewCell.swift */ = {isa = PBXFileReference; fileEncoding = 4; lastKnownFileType = sourcecode.swift; path = BetHistoryTableViewCell.swift; sourceTree = "<group>"; };
		4AAF45BE1DE8E3800020D8A3 /* TextFieldLabelAnimation.swift */ = {isa = PBXFileReference; fileEncoding = 4; lastKnownFileType = sourcecode.swift; path = TextFieldLabelAnimation.swift; sourceTree = "<group>"; };
		4AB0CB6E1DBDC5E6002EB0D2 /* CreateBetViewController.swift */ = {isa = PBXFileReference; fileEncoding = 4; lastKnownFileType = sourcecode.swift; path = CreateBetViewController.swift; sourceTree = "<group>"; };
		4AB0CB701DBDC60D002EB0D2 /* ViewBetViewController.swift */ = {isa = PBXFileReference; fileEncoding = 4; lastKnownFileType = sourcecode.swift; path = ViewBetViewController.swift; sourceTree = "<group>"; };
		4AB0CB721DBDC61F002EB0D2 /* MakeWagerViewController.swift */ = {isa = PBXFileReference; fileEncoding = 4; lastKnownFileType = sourcecode.swift; path = MakeWagerViewController.swift; sourceTree = "<group>"; };
		4AB0CB761DBDC682002EB0D2 /* ViewProfileViewController.swift */ = {isa = PBXFileReference; fileEncoding = 4; lastKnownFileType = sourcecode.swift; path = ViewProfileViewController.swift; sourceTree = "<group>"; };
		4AB0CB781DBDC6B8002EB0D2 /* ViewBetHistoryViewController.swift */ = {isa = PBXFileReference; fileEncoding = 4; lastKnownFileType = sourcecode.swift; path = ViewBetHistoryViewController.swift; sourceTree = "<group>"; };
		4AB0CB7A1DBDC6E5002EB0D2 /* EditBetViewController.swift */ = {isa = PBXFileReference; fileEncoding = 4; lastKnownFileType = sourcecode.swift; path = EditBetViewController.swift; sourceTree = "<group>"; };
		4AB0CB7C1DBDC6FE002EB0D2 /* LocalBetMapViewController.swift */ = {isa = PBXFileReference; fileEncoding = 4; lastKnownFileType = sourcecode.swift; path = LocalBetMapViewController.swift; sourceTree = "<group>"; };
		4AC2B12D1DE4E09F0059953E /* AchievementCollectionViewCell.swift */ = {isa = PBXFileReference; fileEncoding = 4; lastKnownFileType = sourcecode.swift; path = AchievementCollectionViewCell.swift; sourceTree = "<group>"; };
		4AF9242C1DC320A1009E1CD9 /* BBUtilities.swift */ = {isa = PBXFileReference; fileEncoding = 4; lastKnownFileType = sourcecode.swift; path = BBUtilities.swift; sourceTree = "<group>"; };
		4AFFFF411DC3DB9000B0438A /* ActiveBetsViewController.swift */ = {isa = PBXFileReference; fileEncoding = 4; lastKnownFileType = sourcecode.swift; path = ActiveBetsViewController.swift; sourceTree = "<group>"; };
		4AFFFF431DC3DBA200B0438A /* MediatingBetsViewController.swift */ = {isa = PBXFileReference; fileEncoding = 4; lastKnownFileType = sourcecode.swift; path = MediatingBetsViewController.swift; sourceTree = "<group>"; };
		4D124EDD7F091C863A3DEBB1 /* Pods-BoredBetsTests.release.xcconfig */ = {isa = PBXFileReference; includeInIndex = 1; lastKnownFileType = text.xcconfig; name = "Pods-BoredBetsTests.release.xcconfig"; path = "Pods/Target Support Files/Pods-BoredBetsTests/Pods-BoredBetsTests.release.xcconfig"; sourceTree = "<group>"; };
		50F34160DDCA1543AA755AFC /* Pods_BoredBetsUITests.framework */ = {isa = PBXFileReference; explicitFileType = wrapper.framework; includeInIndex = 0; path = Pods_BoredBetsUITests.framework; sourceTree = BUILT_PRODUCTS_DIR; };
		9B0A5BCC1DC5BD8800D12446 /* BetMarker.swift */ = {isa = PBXFileReference; fileEncoding = 4; lastKnownFileType = sourcecode.swift; path = BetMarker.swift; sourceTree = "<group>"; };
		9B1CE0111DC5B196004A1A1A /* InfoWindow.xib */ = {isa = PBXFileReference; fileEncoding = 4; lastKnownFileType = file.xib; path = InfoWindow.xib; sourceTree = "<group>"; };
		9B1CE0131DC5B24A004A1A1A /* BetInfoWindow.swift */ = {isa = PBXFileReference; fileEncoding = 4; lastKnownFileType = sourcecode.swift; path = BetInfoWindow.swift; sourceTree = "<group>"; };
		9B2AAB8E1DE3DD940002E186 /* ReportResultsViewController.swift */ = {isa = PBXFileReference; fileEncoding = 4; lastKnownFileType = sourcecode.swift; path = ReportResultsViewController.swift; sourceTree = "<group>"; };
		9B5906BF1DCFC88C00877220 /* CreateBetMap.swift */ = {isa = PBXFileReference; fileEncoding = 4; lastKnownFileType = sourcecode.swift; path = CreateBetMap.swift; sourceTree = "<group>"; };
		9B5906C11DCFC8AD00877220 /* SetLocationInfoWindow.xib */ = {isa = PBXFileReference; fileEncoding = 4; lastKnownFileType = file.xib; path = SetLocationInfoWindow.xib; sourceTree = "<group>"; };
		9B5906C31DCFDDD700877220 /* BetList.swift */ = {isa = PBXFileReference; fileEncoding = 4; lastKnownFileType = sourcecode.swift; path = BetList.swift; sourceTree = "<group>"; };
		9B5906C51DCFFF5F00877220 /* BetListCell.swift */ = {isa = PBXFileReference; fileEncoding = 4; lastKnownFileType = sourcecode.swift; path = BetListCell.swift; sourceTree = "<group>"; };
		9B99397F1DC56BA1003B0E17 /* Map.swift */ = {isa = PBXFileReference; fileEncoding = 4; lastKnownFileType = sourcecode.swift; path = Map.swift; sourceTree = "<group>"; };
		9E8C6FB1082242944FA4CB22 /* Pods-BoredBetsUITests.debug.xcconfig */ = {isa = PBXFileReference; includeInIndex = 1; lastKnownFileType = text.xcconfig; name = "Pods-BoredBetsUITests.debug.xcconfig"; path = "Pods/Target Support Files/Pods-BoredBetsUITests/Pods-BoredBetsUITests.debug.xcconfig"; sourceTree = "<group>"; };
		C23EB6C866FFFAFAF31BD121 /* Pods_BoredBetsTests.framework */ = {isa = PBXFileReference; explicitFileType = wrapper.framework; includeInIndex = 0; path = Pods_BoredBetsTests.framework; sourceTree = BUILT_PRODUCTS_DIR; };
		E78CCF20A5766BA0841F330F /* Pods_BoredBets.framework */ = {isa = PBXFileReference; explicitFileType = wrapper.framework; includeInIndex = 0; path = Pods_BoredBets.framework; sourceTree = BUILT_PRODUCTS_DIR; };
/* End PBXFileReference section */

/* Begin PBXFrameworksBuildPhase section */
		4A839FED1DBD902B0078A616 /* Frameworks */ = {
			isa = PBXFrameworksBuildPhase;
			buildActionMask = 2147483647;
			files = (
				16B54A80B7B47B636EBCCDDE /* Pods_BoredBets.framework in Frameworks */,
			);
			runOnlyForDeploymentPostprocessing = 0;
		};
		4A83A0051DBD902C0078A616 /* Frameworks */ = {
			isa = PBXFrameworksBuildPhase;
			buildActionMask = 2147483647;
			files = (
				3AA2FC0184F23F6A2A9AC3E6 /* Pods_BoredBetsTests.framework in Frameworks */,
			);
			runOnlyForDeploymentPostprocessing = 0;
		};
		4A83A0101DBD902C0078A616 /* Frameworks */ = {
			isa = PBXFrameworksBuildPhase;
			buildActionMask = 2147483647;
			files = (
				5EAB74206AD099E126896460 /* Pods_BoredBetsUITests.framework in Frameworks */,
			);
			runOnlyForDeploymentPostprocessing = 0;
		};
/* End PBXFrameworksBuildPhase section */

/* Begin PBXGroup section */
		2779392D1DC9C4E800B5A401 /* Helpers */ = {
			isa = PBXGroup;
			children = (
				2779392E1DC9C4FE00B5A401 /* Extensions.swift */,
			);
			name = Helpers;
			sourceTree = "<group>";
		};
		277939301DC9C59000B5A401 /* View */ = {
			isa = PBXGroup;
			children = (
				9B5906C51DCFFF5F00877220 /* BetListCell.swift */,
				277939311DC9C5D400B5A401 /* MenuBar.swift */,
				277939351DC9CBB400B5A401 /* Cells.swift */,
				4A87382B1DE3BE96006D1348 /* MediatedBetCellTableViewCell.swift */,
				4A1B9D5D1DE4084300C472A1 /* ActiveBetTableViewCell.swift */,
				27F9D07A1DE44AF900F8D8CB /* UserTableViewCell.swift */,
				4AC2B12D1DE4E09F0059953E /* AchievementCollectionViewCell.swift */,
				4AAF45B91DE8C4610020D8A3 /* BetHistoryTableViewCell.swift */,
			);
			name = View;
			sourceTree = "<group>";
		};
		4A839FE71DBD902B0078A616 = {
			isa = PBXGroup;
			children = (
				4A839FF21DBD902C0078A616 /* BoredBets */,
				4A83A00B1DBD902C0078A616 /* BoredBetsTests */,
				4A83A0161DBD902C0078A616 /* BoredBetsUITests */,
				4A839FF11DBD902C0078A616 /* Products */,
				8929391E86F5073D7AD6DA8F /* Pods */,
				522160B07984FAC06891347A /* Frameworks */,
			);
			sourceTree = "<group>";
		};
		4A839FF11DBD902C0078A616 /* Products */ = {
			isa = PBXGroup;
			children = (
				4A839FF01DBD902C0078A616 /* BoredBets.app */,
				4A83A0081DBD902C0078A616 /* BoredBetsTests.xctest */,
				4A83A0131DBD902C0078A616 /* BoredBetsUITests.xctest */,
			);
			name = Products;
			sourceTree = "<group>";
		};
		4A839FF21DBD902C0078A616 /* BoredBets */ = {
			isa = PBXGroup;
			children = (
				4AAF45BD1DE8E3660020D8A3 /* Animations */,
				22CE1D271DC7F66800DFCD11 /* BoredBets.entitlements */,
				2779392D1DC9C4E800B5A401 /* Helpers */,
				4AB0CB801DBDC7CD002EB0D2 /* Model */,
				277939301DC9C59000B5A401 /* View */,
				4AB0CB7F1DBDC7B5002EB0D2 /* Controllers */,
				4A839FF31DBD902C0078A616 /* AppDelegate.swift */,
				4A839FFB1DBD902C0078A616 /* Main.storyboard */,
				4A839FFE1DBD902C0078A616 /* Assets.xcassets */,
				4A83A0001DBD902C0078A616 /* LaunchScreen.storyboard */,
				4A83A0031DBD902C0078A616 /* Info.plist */,
				22BEE46C1DBD90FD007B3982 /* GoogleService-Info.plist */,
				22E4995E1DC05F8C006EE352 /* BoredBets-Bridging-Header.h */,
			);
			path = BoredBets;
			sourceTree = "<group>";
		};
		4A83A00B1DBD902C0078A616 /* BoredBetsTests */ = {
			isa = PBXGroup;
			children = (
				4A83A00C1DBD902C0078A616 /* BoredBetsTests.swift */,
				4A83A00E1DBD902C0078A616 /* Info.plist */,
			);
			path = BoredBetsTests;
			sourceTree = "<group>";
		};
		4A83A0161DBD902C0078A616 /* BoredBetsUITests */ = {
			isa = PBXGroup;
			children = (
				4A83A0171DBD902C0078A616 /* BoredBetsUITests.swift */,
				4A83A0191DBD902C0078A616 /* Info.plist */,
			);
			path = BoredBetsUITests;
			sourceTree = "<group>";
		};
		4AAF45BD1DE8E3660020D8A3 /* Animations */ = {
			isa = PBXGroup;
			children = (
				4AAF45BE1DE8E3800020D8A3 /* TextFieldLabelAnimation.swift */,
			);
			name = Animations;
			sourceTree = "<group>";
		};
		4AB0CB7F1DBDC7B5002EB0D2 /* Controllers */ = {
			isa = PBXGroup;
			children = (
				4AFFFF411DC3DB9000B0438A /* ActiveBetsViewController.swift */,
				4A9B8D321DD3FD5D007F326A /* BetHistoryViewController.swift */,
				4A9B8D301DD3EEE2007F326A /* BetResultsViewController.swift */,
				22EA486B1DDFB44C00464B6A /* BetsInCategoryViewController.swift */,
				22B993211DE2BC55002AA1CC /* CategoryViewController.swift */,
				4AB0CB6E1DBDC5E6002EB0D2 /* CreateBetViewController.swift */,
				22BBBD191DCABDC70004D270 /* CreateProfileViewController.swift */,
				4A839FF71DBD902C0078A616 /* DataViewController.swift */,
				4AB0CB7A1DBDC6E5002EB0D2 /* EditBetViewController.swift */,
				4AB0CB7C1DBDC6FE002EB0D2 /* LocalBetMapViewController.swift */,
				228089D91DC0598C00AF3E9A /* LoginViewController.swift */,
				4AB0CB721DBDC61F002EB0D2 /* MakeWagerViewController.swift */,
				4AFFFF431DC3DBA200B0438A /* MediatingBetsViewController.swift */,
				22CE1D281DC9558100DFCD11 /* MediatorViewController.swift */,
				4A839FF91DBD902C0078A616 /* ModelController.swift */,
				9B2AAB8E1DE3DD940002E186 /* ReportResultsViewController.swift */,
				4A9B8D2E1DCFBB26007F326A /* RestrictWagerOptionsViewController.swift */,
				4A839FF51DBD902C0078A616 /* RootViewController.swift */,
				27A1AC071DDED0180051048D /* SearchViewController.swift */,
				4A93E1B41DC5764A00305C7D /* SetBetDetailsViewController.swift */,
				22EF06BF1DDF9CA3002E4116 /* SettingsViewController.swift */,
				4A9B8D2C1DCFB808007F326A /* SettleBetViewController.swift */,
				4AB0CB781DBDC6B8002EB0D2 /* ViewBetHistoryViewController.swift */,
				4AB0CB701DBDC60D002EB0D2 /* ViewBetViewController.swift */,
				4AB0CB761DBDC682002EB0D2 /* ViewProfileViewController.swift */,
				4A1B9D5B1DE4020100C472A1 /* SelectCategoryViewController.swift */,
			);
			name = Controllers;
			sourceTree = "<group>";
		};
		4AB0CB801DBDC7CD002EB0D2 /* Model */ = {
			isa = PBXGroup;
			children = (
				4AF9242C1DC320A1009E1CD9 /* BBUtilities.swift */,
				4A2FDFD11DBD9CC7004A8835 /* Bet.swift */,
				4A6812051DCE9DB2000441AC /* BetFactory.swift */,
				9B1CE0131DC5B24A004A1A1A /* BetInfoWindow.swift */,
				9B5906C31DCFDDD700877220 /* BetList.swift */,
				9B0A5BCC1DC5BD8800D12446 /* BetMarker.swift */,
				22EA486D1DDFBBE300464B6A /* Categories.swift */,
				4A7B0CC11DBDA012008144C4 /* Comment.swift */,
				9B5906BF1DCFC88C00877220 /* CreateBetMap.swift */,
				9B1CE0111DC5B196004A1A1A /* InfoWindow.xib */,
				9B99397F1DC56BA1003B0E17 /* Map.swift */,
				9B5906C11DCFC8AD00877220 /* SetLocationInfoWindow.xib */,
				4A7B0CBD1DBD9F38008144C4 /* User.swift */,
				4A7B0CC31DBDA1C7008144C4 /* Wager.swift */,
			);
			name = Model;
			sourceTree = "<group>";
		};
		522160B07984FAC06891347A /* Frameworks */ = {
			isa = PBXGroup;
			children = (
				E78CCF20A5766BA0841F330F /* Pods_BoredBets.framework */,
				C23EB6C866FFFAFAF31BD121 /* Pods_BoredBetsTests.framework */,
				50F34160DDCA1543AA755AFC /* Pods_BoredBetsUITests.framework */,
			);
			name = Frameworks;
			sourceTree = "<group>";
		};
		8929391E86F5073D7AD6DA8F /* Pods */ = {
			isa = PBXGroup;
			children = (
				0575511BDFC8A31F6E5A41B8 /* Pods-BoredBets.debug.xcconfig */,
				30DC04C337F5B676E9D1EC61 /* Pods-BoredBets.release.xcconfig */,
				3A6912D3CCACE242E7CD5EF2 /* Pods-BoredBetsTests.debug.xcconfig */,
				4D124EDD7F091C863A3DEBB1 /* Pods-BoredBetsTests.release.xcconfig */,
				9E8C6FB1082242944FA4CB22 /* Pods-BoredBetsUITests.debug.xcconfig */,
				3EE1D4CA85B702B2ADBDD973 /* Pods-BoredBetsUITests.release.xcconfig */,
			);
			name = Pods;
			sourceTree = "<group>";
		};
/* End PBXGroup section */

/* Begin PBXNativeTarget section */
		4A839FEF1DBD902B0078A616 /* BoredBets */ = {
			isa = PBXNativeTarget;
			buildConfigurationList = 4A83A01C1DBD902C0078A616 /* Build configuration list for PBXNativeTarget "BoredBets" */;
			buildPhases = (
				B6EA3305993CFE7BDA3AA084 /* [CP] Check Pods Manifest.lock */,
				4A839FEC1DBD902B0078A616 /* Sources */,
				4A839FED1DBD902B0078A616 /* Frameworks */,
				4A839FEE1DBD902B0078A616 /* Resources */,
				E31878AF6BD1B50559C041CC /* [CP] Embed Pods Frameworks */,
				D56974F736078B97C9DE133D /* [CP] Copy Pods Resources */,
			);
			buildRules = (
			);
			dependencies = (
			);
			name = BoredBets;
			productName = BoredBets;
			productReference = 4A839FF01DBD902C0078A616 /* BoredBets.app */;
			productType = "com.apple.product-type.application";
		};
		4A83A0071DBD902C0078A616 /* BoredBetsTests */ = {
			isa = PBXNativeTarget;
			buildConfigurationList = 4A83A01F1DBD902C0078A616 /* Build configuration list for PBXNativeTarget "BoredBetsTests" */;
			buildPhases = (
				2E45F00F3FC434A3AD6EEC57 /* [CP] Check Pods Manifest.lock */,
				4A83A0041DBD902C0078A616 /* Sources */,
				4A83A0051DBD902C0078A616 /* Frameworks */,
				4A83A0061DBD902C0078A616 /* Resources */,
				99D2A5FAEAC89C5D3E90D16D /* [CP] Embed Pods Frameworks */,
				1B6A8E6CF785E1D91C0AB311 /* [CP] Copy Pods Resources */,
			);
			buildRules = (
			);
			dependencies = (
				4A83A00A1DBD902C0078A616 /* PBXTargetDependency */,
			);
			name = BoredBetsTests;
			productName = BoredBetsTests;
			productReference = 4A83A0081DBD902C0078A616 /* BoredBetsTests.xctest */;
			productType = "com.apple.product-type.bundle.unit-test";
		};
		4A83A0121DBD902C0078A616 /* BoredBetsUITests */ = {
			isa = PBXNativeTarget;
			buildConfigurationList = 4A83A0221DBD902C0078A616 /* Build configuration list for PBXNativeTarget "BoredBetsUITests" */;
			buildPhases = (
				12F837F7FE2E5E5D17A43579 /* [CP] Check Pods Manifest.lock */,
				4A83A00F1DBD902C0078A616 /* Sources */,
				4A83A0101DBD902C0078A616 /* Frameworks */,
				4A83A0111DBD902C0078A616 /* Resources */,
				06CF351B61168F59F2590D0A /* [CP] Embed Pods Frameworks */,
				DDD9C302B297B6F57C0D430F /* [CP] Copy Pods Resources */,
			);
			buildRules = (
			);
			dependencies = (
				4A83A0151DBD902C0078A616 /* PBXTargetDependency */,
			);
			name = BoredBetsUITests;
			productName = BoredBetsUITests;
			productReference = 4A83A0131DBD902C0078A616 /* BoredBetsUITests.xctest */;
			productType = "com.apple.product-type.bundle.ui-testing";
		};
/* End PBXNativeTarget section */

/* Begin PBXProject section */
		4A839FE81DBD902B0078A616 /* Project object */ = {
			isa = PBXProject;
			attributes = {
				LastSwiftUpdateCheck = 0800;
				LastUpgradeCheck = 0800;
				ORGANIZATIONNAME = SauceKitchen;
				TargetAttributes = {
					4A839FEF1DBD902B0078A616 = {
						CreatedOnToolsVersion = 8.0;
						DevelopmentTeam = L92X78ACWU;
						LastSwiftMigration = 0800;
						ProvisioningStyle = Automatic;
						SystemCapabilities = {
							com.apple.Keychain = {
								enabled = 1;
							};
						};
					};
					4A83A0071DBD902C0078A616 = {
						CreatedOnToolsVersion = 8.0;
						ProvisioningStyle = Automatic;
						TestTargetID = 4A839FEF1DBD902B0078A616;
					};
					4A83A0121DBD902C0078A616 = {
						CreatedOnToolsVersion = 8.0;
						ProvisioningStyle = Automatic;
						TestTargetID = 4A839FEF1DBD902B0078A616;
					};
				};
			};
			buildConfigurationList = 4A839FEB1DBD902B0078A616 /* Build configuration list for PBXProject "BoredBets" */;
			compatibilityVersion = "Xcode 3.2";
			developmentRegion = English;
			hasScannedForEncodings = 0;
			knownRegions = (
				en,
				Base,
			);
			mainGroup = 4A839FE71DBD902B0078A616;
			productRefGroup = 4A839FF11DBD902C0078A616 /* Products */;
			projectDirPath = "";
			projectRoot = "";
			targets = (
				4A839FEF1DBD902B0078A616 /* BoredBets */,
				4A83A0071DBD902C0078A616 /* BoredBetsTests */,
				4A83A0121DBD902C0078A616 /* BoredBetsUITests */,
			);
		};
/* End PBXProject section */

/* Begin PBXResourcesBuildPhase section */
		4A839FEE1DBD902B0078A616 /* Resources */ = {
			isa = PBXResourcesBuildPhase;
			buildActionMask = 2147483647;
			files = (
				4A83A0021DBD902C0078A616 /* LaunchScreen.storyboard in Resources */,
				9B1CE0121DC5B196004A1A1A /* InfoWindow.xib in Resources */,
				22BEE46D1DBD90FD007B3982 /* GoogleService-Info.plist in Resources */,
				9B5906C21DCFC8AD00877220 /* SetLocationInfoWindow.xib in Resources */,
				4A839FFF1DBD902C0078A616 /* Assets.xcassets in Resources */,
				4A839FFD1DBD902C0078A616 /* Main.storyboard in Resources */,
			);
			runOnlyForDeploymentPostprocessing = 0;
		};
		4A83A0061DBD902C0078A616 /* Resources */ = {
			isa = PBXResourcesBuildPhase;
			buildActionMask = 2147483647;
			files = (
				22BEE46E1DBD90FD007B3982 /* GoogleService-Info.plist in Resources */,
			);
			runOnlyForDeploymentPostprocessing = 0;
		};
		4A83A0111DBD902C0078A616 /* Resources */ = {
			isa = PBXResourcesBuildPhase;
			buildActionMask = 2147483647;
			files = (
				22BEE46F1DBD90FD007B3982 /* GoogleService-Info.plist in Resources */,
			);
			runOnlyForDeploymentPostprocessing = 0;
		};
/* End PBXResourcesBuildPhase section */

/* Begin PBXShellScriptBuildPhase section */
		06CF351B61168F59F2590D0A /* [CP] Embed Pods Frameworks */ = {
			isa = PBXShellScriptBuildPhase;
			buildActionMask = 2147483647;
			files = (
			);
			inputPaths = (
			);
			name = "[CP] Embed Pods Frameworks";
			outputPaths = (
			);
			runOnlyForDeploymentPostprocessing = 0;
			shellPath = /bin/sh;
			shellScript = "\"${SRCROOT}/Pods/Target Support Files/Pods-BoredBetsUITests/Pods-BoredBetsUITests-frameworks.sh\"\n";
			showEnvVarsInLog = 0;
		};
		12F837F7FE2E5E5D17A43579 /* [CP] Check Pods Manifest.lock */ = {
			isa = PBXShellScriptBuildPhase;
			buildActionMask = 2147483647;
			files = (
			);
			inputPaths = (
			);
			name = "[CP] Check Pods Manifest.lock";
			outputPaths = (
			);
			runOnlyForDeploymentPostprocessing = 0;
			shellPath = /bin/sh;
			shellScript = "diff \"${PODS_ROOT}/../Podfile.lock\" \"${PODS_ROOT}/Manifest.lock\" > /dev/null\nif [ $? != 0 ] ; then\n    # print error to STDERR\n    echo \"error: The sandbox is not in sync with the Podfile.lock. Run 'pod install' or update your CocoaPods installation.\" >&2\n    exit 1\nfi\n";
			showEnvVarsInLog = 0;
		};
		1B6A8E6CF785E1D91C0AB311 /* [CP] Copy Pods Resources */ = {
			isa = PBXShellScriptBuildPhase;
			buildActionMask = 2147483647;
			files = (
			);
			inputPaths = (
			);
			name = "[CP] Copy Pods Resources";
			outputPaths = (
			);
			runOnlyForDeploymentPostprocessing = 0;
			shellPath = /bin/sh;
			shellScript = "\"${SRCROOT}/Pods/Target Support Files/Pods-BoredBetsTests/Pods-BoredBetsTests-resources.sh\"\n";
			showEnvVarsInLog = 0;
		};
		2E45F00F3FC434A3AD6EEC57 /* [CP] Check Pods Manifest.lock */ = {
			isa = PBXShellScriptBuildPhase;
			buildActionMask = 2147483647;
			files = (
			);
			inputPaths = (
			);
			name = "[CP] Check Pods Manifest.lock";
			outputPaths = (
			);
			runOnlyForDeploymentPostprocessing = 0;
			shellPath = /bin/sh;
			shellScript = "diff \"${PODS_ROOT}/../Podfile.lock\" \"${PODS_ROOT}/Manifest.lock\" > /dev/null\nif [ $? != 0 ] ; then\n    # print error to STDERR\n    echo \"error: The sandbox is not in sync with the Podfile.lock. Run 'pod install' or update your CocoaPods installation.\" >&2\n    exit 1\nfi\n";
			showEnvVarsInLog = 0;
		};
		99D2A5FAEAC89C5D3E90D16D /* [CP] Embed Pods Frameworks */ = {
			isa = PBXShellScriptBuildPhase;
			buildActionMask = 2147483647;
			files = (
			);
			inputPaths = (
			);
			name = "[CP] Embed Pods Frameworks";
			outputPaths = (
			);
			runOnlyForDeploymentPostprocessing = 0;
			shellPath = /bin/sh;
			shellScript = "\"${SRCROOT}/Pods/Target Support Files/Pods-BoredBetsTests/Pods-BoredBetsTests-frameworks.sh\"\n";
			showEnvVarsInLog = 0;
		};
		B6EA3305993CFE7BDA3AA084 /* [CP] Check Pods Manifest.lock */ = {
			isa = PBXShellScriptBuildPhase;
			buildActionMask = 2147483647;
			files = (
			);
			inputPaths = (
			);
			name = "[CP] Check Pods Manifest.lock";
			outputPaths = (
			);
			runOnlyForDeploymentPostprocessing = 0;
			shellPath = /bin/sh;
			shellScript = "diff \"${PODS_ROOT}/../Podfile.lock\" \"${PODS_ROOT}/Manifest.lock\" > /dev/null\nif [ $? != 0 ] ; then\n    # print error to STDERR\n    echo \"error: The sandbox is not in sync with the Podfile.lock. Run 'pod install' or update your CocoaPods installation.\" >&2\n    exit 1\nfi\n";
			showEnvVarsInLog = 0;
		};
		D56974F736078B97C9DE133D /* [CP] Copy Pods Resources */ = {
			isa = PBXShellScriptBuildPhase;
			buildActionMask = 2147483647;
			files = (
			);
			inputPaths = (
			);
			name = "[CP] Copy Pods Resources";
			outputPaths = (
			);
			runOnlyForDeploymentPostprocessing = 0;
			shellPath = /bin/sh;
			shellScript = "\"${SRCROOT}/Pods/Target Support Files/Pods-BoredBets/Pods-BoredBets-resources.sh\"\n";
			showEnvVarsInLog = 0;
		};
		DDD9C302B297B6F57C0D430F /* [CP] Copy Pods Resources */ = {
			isa = PBXShellScriptBuildPhase;
			buildActionMask = 2147483647;
			files = (
			);
			inputPaths = (
			);
			name = "[CP] Copy Pods Resources";
			outputPaths = (
			);
			runOnlyForDeploymentPostprocessing = 0;
			shellPath = /bin/sh;
			shellScript = "\"${SRCROOT}/Pods/Target Support Files/Pods-BoredBetsUITests/Pods-BoredBetsUITests-resources.sh\"\n";
			showEnvVarsInLog = 0;
		};
		E31878AF6BD1B50559C041CC /* [CP] Embed Pods Frameworks */ = {
			isa = PBXShellScriptBuildPhase;
			buildActionMask = 2147483647;
			files = (
			);
			inputPaths = (
			);
			name = "[CP] Embed Pods Frameworks";
			outputPaths = (
			);
			runOnlyForDeploymentPostprocessing = 0;
			shellPath = /bin/sh;
			shellScript = "\"${SRCROOT}/Pods/Target Support Files/Pods-BoredBets/Pods-BoredBets-frameworks.sh\"\n";
			showEnvVarsInLog = 0;
		};
/* End PBXShellScriptBuildPhase section */

/* Begin PBXSourcesBuildPhase section */
		4A839FEC1DBD902B0078A616 /* Sources */ = {
			isa = PBXSourcesBuildPhase;
			buildActionMask = 2147483647;
			files = (
				9B2AAB8F1DE3DD940002E186 /* ReportResultsViewController.swift in Sources */,
				4AFFFF441DC3DBA200B0438A /* MediatingBetsViewController.swift in Sources */,
				9B1CE0141DC5B24A004A1A1A /* BetInfoWindow.swift in Sources */,
				4A2FDFD21DBD9CC7004A8835 /* Bet.swift in Sources */,
				22BBBD1A1DCABDC70004D270 /* CreateProfileViewController.swift in Sources */,
				22CE1D291DC9558100DFCD11 /* MediatorViewController.swift in Sources */,
				4A9B8D311DD3EEE2007F326A /* BetResultsViewController.swift in Sources */,
				22B993221DE2BC55002AA1CC /* CategoryViewController.swift in Sources */,
				4A9B8D2D1DCFB808007F326A /* SettleBetViewController.swift in Sources */,
				4AB0CB7D1DBDC6FE002EB0D2 /* LocalBetMapViewController.swift in Sources */,
				4AAF45BF1DE8E3800020D8A3 /* TextFieldLabelAnimation.swift in Sources */,
				4A9B8D331DD3FD5D007F326A /* BetHistoryViewController.swift in Sources */,
				9B5906C41DCFDDD700877220 /* BetList.swift in Sources */,
				9B5906C61DCFFF5F00877220 /* BetListCell.swift in Sources */,
				4A87382C1DE3BE96006D1348 /* MediatedBetCellTableViewCell.swift in Sources */,
				4AFFFF421DC3DB9000B0438A /* ActiveBetsViewController.swift in Sources */,
				9B5906C01DCFC88C00877220 /* CreateBetMap.swift in Sources */,
				277939321DC9C5D400B5A401 /* MenuBar.swift in Sources */,
				4A839FF61DBD902C0078A616 /* RootViewController.swift in Sources */,
				4A7B0CBE1DBD9F38008144C4 /* User.swift in Sources */,
				4AB0CB731DBDC61F002EB0D2 /* MakeWagerViewController.swift in Sources */,
				27F9D07B1DE44AF900F8D8CB /* UserTableViewCell.swift in Sources */,
				22EA486E1DDFBBE300464B6A /* Categories.swift in Sources */,
				4A7B0CC21DBDA012008144C4 /* Comment.swift in Sources */,
				4A1B9D5E1DE4084300C472A1 /* ActiveBetTableViewCell.swift in Sources */,
				4A9B8D2F1DCFBB26007F326A /* RestrictWagerOptionsViewController.swift in Sources */,
				4A7B0CC41DBDA1C7008144C4 /* Wager.swift in Sources */,
				9B0A5BCD1DC5BD8800D12446 /* BetMarker.swift in Sources */,
				277939361DC9CBB400B5A401 /* Cells.swift in Sources */,
				4AB0CB7B1DBDC6E5002EB0D2 /* EditBetViewController.swift in Sources */,
				9B9939801DC56BA1003B0E17 /* Map.swift in Sources */,
				4A839FFA1DBD902C0078A616 /* ModelController.swift in Sources */,
				4AC2B12E1DE4E09F0059953E /* AchievementCollectionViewCell.swift in Sources */,
				4A1B9D5C1DE4020100C472A1 /* SelectCategoryViewController.swift in Sources */,
				22EF06C01DDF9CA3002E4116 /* SettingsViewController.swift in Sources */,
				22EA486C1DDFB44C00464B6A /* BetsInCategoryViewController.swift in Sources */,
				4AB0CB6F1DBDC5E6002EB0D2 /* CreateBetViewController.swift in Sources */,
				27A1AC081DDED0180051048D /* SearchViewController.swift in Sources */,
				4AF9242D1DC320A1009E1CD9 /* BBUtilities.swift in Sources */,
				4AB0CB711DBDC60D002EB0D2 /* ViewBetViewController.swift in Sources */,
				4AB0CB791DBDC6B8002EB0D2 /* ViewBetHistoryViewController.swift in Sources */,
				4AAF45BA1DE8C4610020D8A3 /* BetHistoryTableViewCell.swift in Sources */,
				4A6812061DCE9DB2000441AC /* BetFactory.swift in Sources */,
				4A93E1B51DC5764A00305C7D /* SetBetDetailsViewController.swift in Sources */,
				2779392F1DC9C4FE00B5A401 /* Extensions.swift in Sources */,
				228089DA1DC0598C00AF3E9A /* LoginViewController.swift in Sources */,
				4AB0CB771DBDC682002EB0D2 /* ViewProfileViewController.swift in Sources */,
				4A839FF81DBD902C0078A616 /* DataViewController.swift in Sources */,
				4A839FF41DBD902C0078A616 /* AppDelegate.swift in Sources */,
			);
			runOnlyForDeploymentPostprocessing = 0;
		};
		4A83A0041DBD902C0078A616 /* Sources */ = {
			isa = PBXSourcesBuildPhase;
			buildActionMask = 2147483647;
			files = (
				4A83A00D1DBD902C0078A616 /* BoredBetsTests.swift in Sources */,
			);
			runOnlyForDeploymentPostprocessing = 0;
		};
		4A83A00F1DBD902C0078A616 /* Sources */ = {
			isa = PBXSourcesBuildPhase;
			buildActionMask = 2147483647;
			files = (
				4A83A0181DBD902C0078A616 /* BoredBetsUITests.swift in Sources */,
			);
			runOnlyForDeploymentPostprocessing = 0;
		};
/* End PBXSourcesBuildPhase section */

/* Begin PBXTargetDependency section */
		4A83A00A1DBD902C0078A616 /* PBXTargetDependency */ = {
			isa = PBXTargetDependency;
			target = 4A839FEF1DBD902B0078A616 /* BoredBets */;
			targetProxy = 4A83A0091DBD902C0078A616 /* PBXContainerItemProxy */;
		};
		4A83A0151DBD902C0078A616 /* PBXTargetDependency */ = {
			isa = PBXTargetDependency;
			target = 4A839FEF1DBD902B0078A616 /* BoredBets */;
			targetProxy = 4A83A0141DBD902C0078A616 /* PBXContainerItemProxy */;
		};
/* End PBXTargetDependency section */

/* Begin PBXVariantGroup section */
		4A839FFB1DBD902C0078A616 /* Main.storyboard */ = {
			isa = PBXVariantGroup;
			children = (
				4A839FFC1DBD902C0078A616 /* Base */,
			);
			name = Main.storyboard;
			sourceTree = "<group>";
		};
		4A83A0001DBD902C0078A616 /* LaunchScreen.storyboard */ = {
			isa = PBXVariantGroup;
			children = (
				4A83A0011DBD902C0078A616 /* Base */,
			);
			name = LaunchScreen.storyboard;
			sourceTree = "<group>";
		};
/* End PBXVariantGroup section */

/* Begin XCBuildConfiguration section */
		4A83A01A1DBD902C0078A616 /* Debug */ = {
			isa = XCBuildConfiguration;
			buildSettings = {
				ALWAYS_SEARCH_USER_PATHS = NO;
				CLANG_ANALYZER_NONNULL = YES;
				CLANG_CXX_LANGUAGE_STANDARD = "gnu++0x";
				CLANG_CXX_LIBRARY = "libc++";
				CLANG_ENABLE_MODULES = YES;
				CLANG_ENABLE_OBJC_ARC = YES;
				CLANG_WARN_BOOL_CONVERSION = YES;
				CLANG_WARN_CONSTANT_CONVERSION = YES;
				CLANG_WARN_DIRECT_OBJC_ISA_USAGE = YES_ERROR;
				CLANG_WARN_DOCUMENTATION_COMMENTS = YES;
				CLANG_WARN_EMPTY_BODY = YES;
				CLANG_WARN_ENUM_CONVERSION = YES;
				CLANG_WARN_INFINITE_RECURSION = YES;
				CLANG_WARN_INT_CONVERSION = YES;
				CLANG_WARN_OBJC_ROOT_CLASS = YES_ERROR;
				CLANG_WARN_SUSPICIOUS_MOVES = YES;
				CLANG_WARN_UNREACHABLE_CODE = YES;
				CLANG_WARN__DUPLICATE_METHOD_MATCH = YES;
				"CODE_SIGN_IDENTITY[sdk=iphoneos*]" = "iPhone Developer";
				COPY_PHASE_STRIP = NO;
				DEBUG_INFORMATION_FORMAT = dwarf;
				ENABLE_STRICT_OBJC_MSGSEND = YES;
				ENABLE_TESTABILITY = YES;
				GCC_C_LANGUAGE_STANDARD = gnu99;
				GCC_DYNAMIC_NO_PIC = NO;
				GCC_NO_COMMON_BLOCKS = YES;
				GCC_OPTIMIZATION_LEVEL = 0;
				GCC_PREPROCESSOR_DEFINITIONS = (
					"DEBUG=1",
					"$(inherited)",
				);
				GCC_WARN_64_TO_32_BIT_CONVERSION = YES;
				GCC_WARN_ABOUT_RETURN_TYPE = YES_ERROR;
				GCC_WARN_UNDECLARED_SELECTOR = YES;
				GCC_WARN_UNINITIALIZED_AUTOS = YES_AGGRESSIVE;
				GCC_WARN_UNUSED_FUNCTION = YES;
				GCC_WARN_UNUSED_VARIABLE = YES;
				IPHONEOS_DEPLOYMENT_TARGET = 10.0;
				MTL_ENABLE_DEBUG_INFO = YES;
				ONLY_ACTIVE_ARCH = YES;
				SDKROOT = iphoneos;
				SWIFT_ACTIVE_COMPILATION_CONDITIONS = DEBUG;
				SWIFT_OPTIMIZATION_LEVEL = "-Onone";
			};
			name = Debug;
		};
		4A83A01B1DBD902C0078A616 /* Release */ = {
			isa = XCBuildConfiguration;
			buildSettings = {
				ALWAYS_SEARCH_USER_PATHS = NO;
				CLANG_ANALYZER_NONNULL = YES;
				CLANG_CXX_LANGUAGE_STANDARD = "gnu++0x";
				CLANG_CXX_LIBRARY = "libc++";
				CLANG_ENABLE_MODULES = YES;
				CLANG_ENABLE_OBJC_ARC = YES;
				CLANG_WARN_BOOL_CONVERSION = YES;
				CLANG_WARN_CONSTANT_CONVERSION = YES;
				CLANG_WARN_DIRECT_OBJC_ISA_USAGE = YES_ERROR;
				CLANG_WARN_DOCUMENTATION_COMMENTS = YES;
				CLANG_WARN_EMPTY_BODY = YES;
				CLANG_WARN_ENUM_CONVERSION = YES;
				CLANG_WARN_INFINITE_RECURSION = YES;
				CLANG_WARN_INT_CONVERSION = YES;
				CLANG_WARN_OBJC_ROOT_CLASS = YES_ERROR;
				CLANG_WARN_SUSPICIOUS_MOVES = YES;
				CLANG_WARN_UNREACHABLE_CODE = YES;
				CLANG_WARN__DUPLICATE_METHOD_MATCH = YES;
				"CODE_SIGN_IDENTITY[sdk=iphoneos*]" = "iPhone Developer";
				COPY_PHASE_STRIP = NO;
				DEBUG_INFORMATION_FORMAT = "dwarf-with-dsym";
				ENABLE_NS_ASSERTIONS = NO;
				ENABLE_STRICT_OBJC_MSGSEND = YES;
				GCC_C_LANGUAGE_STANDARD = gnu99;
				GCC_NO_COMMON_BLOCKS = YES;
				GCC_WARN_64_TO_32_BIT_CONVERSION = YES;
				GCC_WARN_ABOUT_RETURN_TYPE = YES_ERROR;
				GCC_WARN_UNDECLARED_SELECTOR = YES;
				GCC_WARN_UNINITIALIZED_AUTOS = YES_AGGRESSIVE;
				GCC_WARN_UNUSED_FUNCTION = YES;
				GCC_WARN_UNUSED_VARIABLE = YES;
				IPHONEOS_DEPLOYMENT_TARGET = 10.0;
				MTL_ENABLE_DEBUG_INFO = NO;
				SDKROOT = iphoneos;
				SWIFT_OPTIMIZATION_LEVEL = "-Owholemodule";
				VALIDATE_PRODUCT = YES;
			};
			name = Release;
		};
		4A83A01D1DBD902C0078A616 /* Debug */ = {
			isa = XCBuildConfiguration;
			baseConfigurationReference = 0575511BDFC8A31F6E5A41B8 /* Pods-BoredBets.debug.xcconfig */;
			buildSettings = {
				ASSETCATALOG_COMPILER_APPICON_NAME = AppIcon;
				CLANG_ENABLE_MODULES = YES;
				CODE_SIGN_ENTITLEMENTS = BoredBets/BoredBets.entitlements;
				"CODE_SIGN_IDENTITY[sdk=iphoneos*]" = "iPhone Developer";
				DEVELOPMENT_TEAM = L92X78ACWU;
				INFOPLIST_FILE = BoredBets/Info.plist;
				IPHONEOS_DEPLOYMENT_TARGET = 10.0;
				LD_RUNPATH_SEARCH_PATHS = "$(inherited) @executable_path/Frameworks";
				PRODUCT_BUNDLE_IDENTIFIER = com.nottiApps.BoredBets;
				PRODUCT_NAME = "$(TARGET_NAME)";
				SWIFT_OBJC_BRIDGING_HEADER = "BoredBets/BoredBets-Bridging-Header.h";
				SWIFT_OPTIMIZATION_LEVEL = "-Onone";
				SWIFT_VERSION = 3.0;
			};
			name = Debug;
		};
		4A83A01E1DBD902C0078A616 /* Release */ = {
			isa = XCBuildConfiguration;
			baseConfigurationReference = 30DC04C337F5B676E9D1EC61 /* Pods-BoredBets.release.xcconfig */;
			buildSettings = {
				ASSETCATALOG_COMPILER_APPICON_NAME = AppIcon;
				CLANG_ENABLE_MODULES = YES;
				CODE_SIGN_ENTITLEMENTS = BoredBets/BoredBets.entitlements;
				"CODE_SIGN_IDENTITY[sdk=iphoneos*]" = "iPhone Developer";
				DEVELOPMENT_TEAM = L92X78ACWU;
				INFOPLIST_FILE = BoredBets/Info.plist;
				IPHONEOS_DEPLOYMENT_TARGET = 10.0;
				LD_RUNPATH_SEARCH_PATHS = "$(inherited) @executable_path/Frameworks";
				PRODUCT_BUNDLE_IDENTIFIER = com.nottiApps.BoredBets;
				PRODUCT_NAME = "$(TARGET_NAME)";
				SWIFT_OBJC_BRIDGING_HEADER = "BoredBets/BoredBets-Bridging-Header.h";
				SWIFT_VERSION = 3.0;
			};
			name = Release;
		};
		4A83A0201DBD902C0078A616 /* Debug */ = {
			isa = XCBuildConfiguration;
			baseConfigurationReference = 3A6912D3CCACE242E7CD5EF2 /* Pods-BoredBetsTests.debug.xcconfig */;
			buildSettings = {
				ALWAYS_EMBED_SWIFT_STANDARD_LIBRARIES = YES;
				BUNDLE_LOADER = "$(TEST_HOST)";
				INFOPLIST_FILE = BoredBetsTests/Info.plist;
				LD_RUNPATH_SEARCH_PATHS = "$(inherited) @executable_path/Frameworks @loader_path/Frameworks";
				PRODUCT_BUNDLE_IDENTIFIER = com.nottiApps.BoredBetsTests;
				PRODUCT_NAME = "$(TARGET_NAME)";
				SWIFT_VERSION = 3.0;
				TEST_HOST = "$(BUILT_PRODUCTS_DIR)/BoredBets.app/BoredBets";
			};
			name = Debug;
		};
		4A83A0211DBD902C0078A616 /* Release */ = {
			isa = XCBuildConfiguration;
			baseConfigurationReference = 4D124EDD7F091C863A3DEBB1 /* Pods-BoredBetsTests.release.xcconfig */;
			buildSettings = {
				ALWAYS_EMBED_SWIFT_STANDARD_LIBRARIES = YES;
				BUNDLE_LOADER = "$(TEST_HOST)";
				INFOPLIST_FILE = BoredBetsTests/Info.plist;
				LD_RUNPATH_SEARCH_PATHS = "$(inherited) @executable_path/Frameworks @loader_path/Frameworks";
				PRODUCT_BUNDLE_IDENTIFIER = com.nottiApps.BoredBetsTests;
				PRODUCT_NAME = "$(TARGET_NAME)";
				SWIFT_VERSION = 3.0;
				TEST_HOST = "$(BUILT_PRODUCTS_DIR)/BoredBets.app/BoredBets";
			};
			name = Release;
		};
		4A83A0231DBD902C0078A616 /* Debug */ = {
			isa = XCBuildConfiguration;
			baseConfigurationReference = 9E8C6FB1082242944FA4CB22 /* Pods-BoredBetsUITests.debug.xcconfig */;
			buildSettings = {
				ALWAYS_EMBED_SWIFT_STANDARD_LIBRARIES = YES;
				INFOPLIST_FILE = BoredBetsUITests/Info.plist;
				LD_RUNPATH_SEARCH_PATHS = "$(inherited) @executable_path/Frameworks @loader_path/Frameworks";
				PRODUCT_BUNDLE_IDENTIFIER = com.nottiApps.BoredBetsUITests;
				PRODUCT_NAME = "$(TARGET_NAME)";
				SWIFT_VERSION = 3.0;
				TEST_TARGET_NAME = BoredBets;
			};
			name = Debug;
		};
		4A83A0241DBD902C0078A616 /* Release */ = {
			isa = XCBuildConfiguration;
			baseConfigurationReference = 3EE1D4CA85B702B2ADBDD973 /* Pods-BoredBetsUITests.release.xcconfig */;
			buildSettings = {
				ALWAYS_EMBED_SWIFT_STANDARD_LIBRARIES = YES;
				INFOPLIST_FILE = BoredBetsUITests/Info.plist;
				LD_RUNPATH_SEARCH_PATHS = "$(inherited) @executable_path/Frameworks @loader_path/Frameworks";
				PRODUCT_BUNDLE_IDENTIFIER = com.nottiApps.BoredBetsUITests;
				PRODUCT_NAME = "$(TARGET_NAME)";
				SWIFT_VERSION = 3.0;
				TEST_TARGET_NAME = BoredBets;
			};
			name = Release;
		};
/* End XCBuildConfiguration section */

/* Begin XCConfigurationList section */
		4A839FEB1DBD902B0078A616 /* Build configuration list for PBXProject "BoredBets" */ = {
			isa = XCConfigurationList;
			buildConfigurations = (
				4A83A01A1DBD902C0078A616 /* Debug */,
				4A83A01B1DBD902C0078A616 /* Release */,
			);
			defaultConfigurationIsVisible = 0;
			defaultConfigurationName = Release;
		};
		4A83A01C1DBD902C0078A616 /* Build configuration list for PBXNativeTarget "BoredBets" */ = {
			isa = XCConfigurationList;
			buildConfigurations = (
				4A83A01D1DBD902C0078A616 /* Debug */,
				4A83A01E1DBD902C0078A616 /* Release */,
			);
			defaultConfigurationIsVisible = 0;
			defaultConfigurationName = Release;
		};
		4A83A01F1DBD902C0078A616 /* Build configuration list for PBXNativeTarget "BoredBetsTests" */ = {
			isa = XCConfigurationList;
			buildConfigurations = (
				4A83A0201DBD902C0078A616 /* Debug */,
				4A83A0211DBD902C0078A616 /* Release */,
			);
			defaultConfigurationIsVisible = 0;
			defaultConfigurationName = Release;
		};
		4A83A0221DBD902C0078A616 /* Build configuration list for PBXNativeTarget "BoredBetsUITests" */ = {
			isa = XCConfigurationList;
			buildConfigurations = (
				4A83A0231DBD902C0078A616 /* Debug */,
				4A83A0241DBD902C0078A616 /* Release */,
			);
			defaultConfigurationIsVisible = 0;
			defaultConfigurationName = Release;
		};
/* End XCConfigurationList section */
	};
	rootObject = 4A839FE81DBD902B0078A616 /* Project object */;
}
