// !$*UTF8*$!
{
	archiveVersion = 1;
	classes = {
	};
	objectVersion = 46;
	objects = {

/* Begin PBXBuildFile section */
		CB50B3BB1DBD8F02004A0422 /* AppDelegate.swift in Sources */ = {isa = PBXBuildFile; fileRef = CB50B3BA1DBD8F02004A0422 /* AppDelegate.swift */; };
		CB50B3BD1DBD8F02004A0422 /* RootViewController.swift in Sources */ = {isa = PBXBuildFile; fileRef = CB50B3BC1DBD8F02004A0422 /* RootViewController.swift */; };
		CB50B3BF1DBD8F02004A0422 /* DataViewController.swift in Sources */ = {isa = PBXBuildFile; fileRef = CB50B3BE1DBD8F02004A0422 /* DataViewController.swift */; };
		CB50B3C11DBD8F02004A0422 /* ModelController.swift in Sources */ = {isa = PBXBuildFile; fileRef = CB50B3C01DBD8F02004A0422 /* ModelController.swift */; };
		CB50B3C41DBD8F02004A0422 /* Main.storyboard in Resources */ = {isa = PBXBuildFile; fileRef = CB50B3C21DBD8F02004A0422 /* Main.storyboard */; };
		CB50B3C61DBD8F02004A0422 /* Assets.xcassets in Resources */ = {isa = PBXBuildFile; fileRef = CB50B3C51DBD8F02004A0422 /* Assets.xcassets */; };
		CB50B3C91DBD8F02004A0422 /* LaunchScreen.storyboard in Resources */ = {isa = PBXBuildFile; fileRef = CB50B3C71DBD8F02004A0422 /* LaunchScreen.storyboard */; };
		CB50B3D41DBD8F02004A0422 /* BoredBetsTests.swift in Sources */ = {isa = PBXBuildFile; fileRef = CB50B3D31DBD8F02004A0422 /* BoredBetsTests.swift */; };
		CB50B3DF1DBD8F02004A0422 /* BoredBetsUITests.swift in Sources */ = {isa = PBXBuildFile; fileRef = CB50B3DE1DBD8F02004A0422 /* BoredBetsUITests.swift */; };
/* End PBXBuildFile section */

/* Begin PBXContainerItemProxy section */
		CB50B3D01DBD8F02004A0422 /* PBXContainerItemProxy */ = {
			isa = PBXContainerItemProxy;
			containerPortal = CB50B3AF1DBD8F02004A0422 /* Project object */;
			proxyType = 1;
			remoteGlobalIDString = CB50B3B61DBD8F02004A0422;
			remoteInfo = BoredBets;
		};
		CB50B3DB1DBD8F02004A0422 /* PBXContainerItemProxy */ = {
			isa = PBXContainerItemProxy;
			containerPortal = CB50B3AF1DBD8F02004A0422 /* Project object */;
			proxyType = 1;
			remoteGlobalIDString = CB50B3B61DBD8F02004A0422;
			remoteInfo = BoredBets;
		};
/* End PBXContainerItemProxy section */

/* Begin PBXFileReference section */
		CB50B3B71DBD8F02004A0422 /* BoredBets.app */ = {isa = PBXFileReference; explicitFileType = wrapper.application; includeInIndex = 0; path = BoredBets.app; sourceTree = BUILT_PRODUCTS_DIR; };
		CB50B3BA1DBD8F02004A0422 /* AppDelegate.swift */ = {isa = PBXFileReference; lastKnownFileType = sourcecode.swift; path = AppDelegate.swift; sourceTree = "<group>"; };
		CB50B3BC1DBD8F02004A0422 /* RootViewController.swift */ = {isa = PBXFileReference; lastKnownFileType = sourcecode.swift; path = RootViewController.swift; sourceTree = "<group>"; };
		CB50B3BE1DBD8F02004A0422 /* DataViewController.swift */ = {isa = PBXFileReference; lastKnownFileType = sourcecode.swift; path = DataViewController.swift; sourceTree = "<group>"; };
		CB50B3C01DBD8F02004A0422 /* ModelController.swift */ = {isa = PBXFileReference; lastKnownFileType = sourcecode.swift; path = ModelController.swift; sourceTree = "<group>"; };
		CB50B3C31DBD8F02004A0422 /* Base */ = {isa = PBXFileReference; lastKnownFileType = file.storyboard; name = Base; path = Base.lproj/Main.storyboard; sourceTree = "<group>"; };
		CB50B3C51DBD8F02004A0422 /* Assets.xcassets */ = {isa = PBXFileReference; lastKnownFileType = folder.assetcatalog; path = Assets.xcassets; sourceTree = "<group>"; };
		CB50B3C81DBD8F02004A0422 /* Base */ = {isa = PBXFileReference; lastKnownFileType = file.storyboard; name = Base; path = Base.lproj/LaunchScreen.storyboard; sourceTree = "<group>"; };
		CB50B3CA1DBD8F02004A0422 /* Info.plist */ = {isa = PBXFileReference; lastKnownFileType = text.plist.xml; path = Info.plist; sourceTree = "<group>"; };
		CB50B3CF1DBD8F02004A0422 /* BoredBetsTests.xctest */ = {isa = PBXFileReference; explicitFileType = wrapper.cfbundle; includeInIndex = 0; path = BoredBetsTests.xctest; sourceTree = BUILT_PRODUCTS_DIR; };
		CB50B3D31DBD8F02004A0422 /* BoredBetsTests.swift */ = {isa = PBXFileReference; lastKnownFileType = sourcecode.swift; path = BoredBetsTests.swift; sourceTree = "<group>"; };
		CB50B3D51DBD8F02004A0422 /* Info.plist */ = {isa = PBXFileReference; lastKnownFileType = text.plist.xml; path = Info.plist; sourceTree = "<group>"; };
		CB50B3DA1DBD8F02004A0422 /* BoredBetsUITests.xctest */ = {isa = PBXFileReference; explicitFileType = wrapper.cfbundle; includeInIndex = 0; path = BoredBetsUITests.xctest; sourceTree = BUILT_PRODUCTS_DIR; };
		CB50B3DE1DBD8F02004A0422 /* BoredBetsUITests.swift */ = {isa = PBXFileReference; lastKnownFileType = sourcecode.swift; path = BoredBetsUITests.swift; sourceTree = "<group>"; };
		CB50B3E01DBD8F02004A0422 /* Info.plist */ = {isa = PBXFileReference; lastKnownFileType = text.plist.xml; path = Info.plist; sourceTree = "<group>"; };
/* End PBXFileReference section */

/* Begin PBXFrameworksBuildPhase section */
		CB50B3B41DBD8F02004A0422 /* Frameworks */ = {
			isa = PBXFrameworksBuildPhase;
			buildActionMask = 2147483647;
			files = (
			);
			runOnlyForDeploymentPostprocessing = 0;
		};
		CB50B3CC1DBD8F02004A0422 /* Frameworks */ = {
			isa = PBXFrameworksBuildPhase;
			buildActionMask = 2147483647;
			files = (
			);
			runOnlyForDeploymentPostprocessing = 0;
		};
		CB50B3D71DBD8F02004A0422 /* Frameworks */ = {
			isa = PBXFrameworksBuildPhase;
			buildActionMask = 2147483647;
			files = (
			);
			runOnlyForDeploymentPostprocessing = 0;
		};
/* End PBXFrameworksBuildPhase section */

/* Begin PBXGroup section */
		CB50B3AE1DBD8F02004A0422 = {
			isa = PBXGroup;
			children = (
				CB50B3B91DBD8F02004A0422 /* BoredBets */,
				CB50B3D21DBD8F02004A0422 /* BoredBetsTests */,
				CB50B3DD1DBD8F02004A0422 /* BoredBetsUITests */,
				CB50B3B81DBD8F02004A0422 /* Products */,
			);
			sourceTree = "<group>";
		};
		CB50B3B81DBD8F02004A0422 /* Products */ = {
			isa = PBXGroup;
			children = (
				CB50B3B71DBD8F02004A0422 /* BoredBets.app */,
				CB50B3CF1DBD8F02004A0422 /* BoredBetsTests.xctest */,
				CB50B3DA1DBD8F02004A0422 /* BoredBetsUITests.xctest */,
			);
			name = Products;
			sourceTree = "<group>";
		};
		CB50B3B91DBD8F02004A0422 /* BoredBets */ = {
			isa = PBXGroup;
			children = (
				CB50B3BA1DBD8F02004A0422 /* AppDelegate.swift */,
				CB50B3BC1DBD8F02004A0422 /* RootViewController.swift */,
				CB50B3BE1DBD8F02004A0422 /* DataViewController.swift */,
				CB50B3C01DBD8F02004A0422 /* ModelController.swift */,
				CB50B3C21DBD8F02004A0422 /* Main.storyboard */,
				CB50B3C51DBD8F02004A0422 /* Assets.xcassets */,
				CB50B3C71DBD8F02004A0422 /* LaunchScreen.storyboard */,
				CB50B3CA1DBD8F02004A0422 /* Info.plist */,
			);
			path = BoredBets;
			sourceTree = "<group>";
		};
		CB50B3D21DBD8F02004A0422 /* BoredBetsTests */ = {
			isa = PBXGroup;
			children = (
				CB50B3D31DBD8F02004A0422 /* BoredBetsTests.swift */,
				CB50B3D51DBD8F02004A0422 /* Info.plist */,
			);
			path = BoredBetsTests;
			sourceTree = "<group>";
		};
		CB50B3DD1DBD8F02004A0422 /* BoredBetsUITests */ = {
			isa = PBXGroup;
			children = (
				CB50B3DE1DBD8F02004A0422 /* BoredBetsUITests.swift */,
				CB50B3E01DBD8F02004A0422 /* Info.plist */,
			);
			path = BoredBetsUITests;
			sourceTree = "<group>";
		};
/* End PBXGroup section */

/* Begin PBXNativeTarget section */
		CB50B3B61DBD8F02004A0422 /* BoredBets */ = {
			isa = PBXNativeTarget;
			buildConfigurationList = CB50B3E31DBD8F02004A0422 /* Build configuration list for PBXNativeTarget "BoredBets" */;
			buildPhases = (
				CB50B3B31DBD8F02004A0422 /* Sources */,
				CB50B3B41DBD8F02004A0422 /* Frameworks */,
				CB50B3B51DBD8F02004A0422 /* Resources */,
			);
			buildRules = (
			);
			dependencies = (
			);
			name = BoredBets;
			productName = BoredBets;
			productReference = CB50B3B71DBD8F02004A0422 /* BoredBets.app */;
			productType = "com.apple.product-type.application";
		};
		CB50B3CE1DBD8F02004A0422 /* BoredBetsTests */ = {
			isa = PBXNativeTarget;
			buildConfigurationList = CB50B3E61DBD8F02004A0422 /* Build configuration list for PBXNativeTarget "BoredBetsTests" */;
			buildPhases = (
				CB50B3CB1DBD8F02004A0422 /* Sources */,
				CB50B3CC1DBD8F02004A0422 /* Frameworks */,
				CB50B3CD1DBD8F02004A0422 /* Resources */,
			);
			buildRules = (
			);
			dependencies = (
				CB50B3D11DBD8F02004A0422 /* PBXTargetDependency */,
			);
			name = BoredBetsTests;
			productName = BoredBetsTests;
			productReference = CB50B3CF1DBD8F02004A0422 /* BoredBetsTests.xctest */;
			productType = "com.apple.product-type.bundle.unit-test";
		};
		CB50B3D91DBD8F02004A0422 /* BoredBetsUITests */ = {
			isa = PBXNativeTarget;
			buildConfigurationList = CB50B3E91DBD8F02004A0422 /* Build configuration list for PBXNativeTarget "BoredBetsUITests" */;
			buildPhases = (
				CB50B3D61DBD8F02004A0422 /* Sources */,
				CB50B3D71DBD8F02004A0422 /* Frameworks */,
				CB50B3D81DBD8F02004A0422 /* Resources */,
			);
			buildRules = (
			);
			dependencies = (
				CB50B3DC1DBD8F02004A0422 /* PBXTargetDependency */,
			);
			name = BoredBetsUITests;
			productName = BoredBetsUITests;
			productReference = CB50B3DA1DBD8F02004A0422 /* BoredBetsUITests.xctest */;
			productType = "com.apple.product-type.bundle.ui-testing";
		};
/* End PBXNativeTarget section */

/* Begin PBXProject section */
		CB50B3AF1DBD8F02004A0422 /* Project object */ = {
			isa = PBXProject;
			attributes = {
				LastSwiftUpdateCheck = 0720;
				LastUpgradeCheck = 0720;
				ORGANIZATIONNAME = "Kelly O'Malley";
				TargetAttributes = {
					CB50B3B61DBD8F02004A0422 = {
						CreatedOnToolsVersion = 7.2.1;
						DevelopmentTeam = 7TQYW2GZ8R;
					};
					CB50B3CE1DBD8F02004A0422 = {
						CreatedOnToolsVersion = 7.2.1;
						DevelopmentTeam = 7TQYW2GZ8R;
						TestTargetID = CB50B3B61DBD8F02004A0422;
					};
					CB50B3D91DBD8F02004A0422 = {
						CreatedOnToolsVersion = 7.2.1;
						DevelopmentTeam = 7TQYW2GZ8R;
						TestTargetID = CB50B3B61DBD8F02004A0422;
					};
				};
			};
			buildConfigurationList = CB50B3B21DBD8F02004A0422 /* Build configuration list for PBXProject "BoredBets" */;
			compatibilityVersion = "Xcode 3.2";
			developmentRegion = English;
			hasScannedForEncodings = 0;
			knownRegions = (
				en,
				Base,
			);
			mainGroup = CB50B3AE1DBD8F02004A0422;
			productRefGroup = CB50B3B81DBD8F02004A0422 /* Products */;
			projectDirPath = "";
			projectRoot = "";
			targets = (
				CB50B3B61DBD8F02004A0422 /* BoredBets */,
				CB50B3CE1DBD8F02004A0422 /* BoredBetsTests */,
				CB50B3D91DBD8F02004A0422 /* BoredBetsUITests */,
			);
		};
/* End PBXProject section */

/* Begin PBXResourcesBuildPhase section */
		CB50B3B51DBD8F02004A0422 /* Resources */ = {
			isa = PBXResourcesBuildPhase;
			buildActionMask = 2147483647;
			files = (
				CB50B3C91DBD8F02004A0422 /* LaunchScreen.storyboard in Resources */,
				CB50B3C61DBD8F02004A0422 /* Assets.xcassets in Resources */,
				CB50B3C41DBD8F02004A0422 /* Main.storyboard in Resources */,
			);
			runOnlyForDeploymentPostprocessing = 0;
		};
		CB50B3CD1DBD8F02004A0422 /* Resources */ = {
			isa = PBXResourcesBuildPhase;
			buildActionMask = 2147483647;
			files = (
			);
			runOnlyForDeploymentPostprocessing = 0;
		};
		CB50B3D81DBD8F02004A0422 /* Resources */ = {
			isa = PBXResourcesBuildPhase;
			buildActionMask = 2147483647;
			files = (
			);
			runOnlyForDeploymentPostprocessing = 0;
		};
/* End PBXResourcesBuildPhase section */

/* Begin PBXSourcesBuildPhase section */
		CB50B3B31DBD8F02004A0422 /* Sources */ = {
			isa = PBXSourcesBuildPhase;
			buildActionMask = 2147483647;
			files = (
				CB50B3BD1DBD8F02004A0422 /* RootViewController.swift in Sources */,
				CB50B3C11DBD8F02004A0422 /* ModelController.swift in Sources */,
				CB50B3BF1DBD8F02004A0422 /* DataViewController.swift in Sources */,
				CB50B3BB1DBD8F02004A0422 /* AppDelegate.swift in Sources */,
			);
			runOnlyForDeploymentPostprocessing = 0;
		};
		CB50B3CB1DBD8F02004A0422 /* Sources */ = {
			isa = PBXSourcesBuildPhase;
			buildActionMask = 2147483647;
			files = (
				CB50B3D41DBD8F02004A0422 /* BoredBetsTests.swift in Sources */,
			);
			runOnlyForDeploymentPostprocessing = 0;
		};
		CB50B3D61DBD8F02004A0422 /* Sources */ = {
			isa = PBXSourcesBuildPhase;
			buildActionMask = 2147483647;
			files = (
				CB50B3DF1DBD8F02004A0422 /* BoredBetsUITests.swift in Sources */,
			);
			runOnlyForDeploymentPostprocessing = 0;
		};
/* End PBXSourcesBuildPhase section */

/* Begin PBXTargetDependency section */
		CB50B3D11DBD8F02004A0422 /* PBXTargetDependency */ = {
			isa = PBXTargetDependency;
			target = CB50B3B61DBD8F02004A0422 /* BoredBets */;
			targetProxy = CB50B3D01DBD8F02004A0422 /* PBXContainerItemProxy */;
		};
		CB50B3DC1DBD8F02004A0422 /* PBXTargetDependency */ = {
			isa = PBXTargetDependency;
			target = CB50B3B61DBD8F02004A0422 /* BoredBets */;
			targetProxy = CB50B3DB1DBD8F02004A0422 /* PBXContainerItemProxy */;
		};
/* End PBXTargetDependency section */

/* Begin PBXVariantGroup section */
		CB50B3C21DBD8F02004A0422 /* Main.storyboard */ = {
			isa = PBXVariantGroup;
			children = (
				CB50B3C31DBD8F02004A0422 /* Base */,
			);
			name = Main.storyboard;
			sourceTree = "<group>";
		};
		CB50B3C71DBD8F02004A0422 /* LaunchScreen.storyboard */ = {
			isa = PBXVariantGroup;
			children = (
				CB50B3C81DBD8F02004A0422 /* Base */,
			);
			name = LaunchScreen.storyboard;
			sourceTree = "<group>";
		};
/* End PBXVariantGroup section */

/* Begin XCBuildConfiguration section */
		CB50B3E11DBD8F02004A0422 /* Debug */ = {
			isa = XCBuildConfiguration;
			buildSettings = {
				ALWAYS_SEARCH_USER_PATHS = NO;
				CLANG_CXX_LANGUAGE_STANDARD = "gnu++0x";
				CLANG_CXX_LIBRARY = "libc++";
				CLANG_ENABLE_MODULES = YES;
				CLANG_ENABLE_OBJC_ARC = YES;
				CLANG_WARN_BOOL_CONVERSION = YES;
				CLANG_WARN_CONSTANT_CONVERSION = YES;
				CLANG_WARN_DIRECT_OBJC_ISA_USAGE = YES_ERROR;
				CLANG_WARN_EMPTY_BODY = YES;
				CLANG_WARN_ENUM_CONVERSION = YES;
				CLANG_WARN_INT_CONVERSION = YES;
				CLANG_WARN_OBJC_ROOT_CLASS = YES_ERROR;
				CLANG_WARN_UNREACHABLE_CODE = YES;
				CLANG_WARN__DUPLICATE_METHOD_MATCH = YES;
				"CODE_SIGN_IDENTITY[sdk=iphoneos*]" = "iPhone Developer";
				COPY_PHASE_STRIP = NO;
				DEBUG_INFORMATION_FORMAT = dwarf;
				ENABLE_STRICT_OBJC_MSGSEND = YES;
				ENABLE_TESTABILITY = YES;
				GCC_C_LANGUAGE_STANDARD = gnu99;
				GCC_DYNAMIC_NO_PIC = NO;
				GCC_NO_COMMON_BLOCKS = YES;
				GCC_OPTIMIZATION_LEVEL = 0;
				GCC_PREPROCESSOR_DEFINITIONS = (
					"DEBUG=1",
					"$(inherited)",
				);
				GCC_WARN_64_TO_32_BIT_CONVERSION = YES;
				GCC_WARN_ABOUT_RETURN_TYPE = YES_ERROR;
				GCC_WARN_UNDECLARED_SELECTOR = YES;
				GCC_WARN_UNINITIALIZED_AUTOS = YES_AGGRESSIVE;
				GCC_WARN_UNUSED_FUNCTION = YES;
				GCC_WARN_UNUSED_VARIABLE = YES;
				IPHONEOS_DEPLOYMENT_TARGET = 9.2;
				MTL_ENABLE_DEBUG_INFO = YES;
				ONLY_ACTIVE_ARCH = YES;
				SDKROOT = iphoneos;
				SWIFT_OPTIMIZATION_LEVEL = "-Onone";
				TARGETED_DEVICE_FAMILY = "1,2";
			};
			name = Debug;
		};
		CB50B3E21DBD8F02004A0422 /* Release */ = {
			isa = XCBuildConfiguration;
			buildSettings = {
				ALWAYS_SEARCH_USER_PATHS = NO;
				CLANG_CXX_LANGUAGE_STANDARD = "gnu++0x";
				CLANG_CXX_LIBRARY = "libc++";
				CLANG_ENABLE_MODULES = YES;
				CLANG_ENABLE_OBJC_ARC = YES;
				CLANG_WARN_BOOL_CONVERSION = YES;
				CLANG_WARN_CONSTANT_CONVERSION = YES;
				CLANG_WARN_DIRECT_OBJC_ISA_USAGE = YES_ERROR;
				CLANG_WARN_EMPTY_BODY = YES;
				CLANG_WARN_ENUM_CONVERSION = YES;
				CLANG_WARN_INT_CONVERSION = YES;
				CLANG_WARN_OBJC_ROOT_CLASS = YES_ERROR;
				CLANG_WARN_UNREACHABLE_CODE = YES;
				CLANG_WARN__DUPLICATE_METHOD_MATCH = YES;
				"CODE_SIGN_IDENTITY[sdk=iphoneos*]" = "iPhone Developer";
				COPY_PHASE_STRIP = NO;
				DEBUG_INFORMATION_FORMAT = "dwarf-with-dsym";
				ENABLE_NS_ASSERTIONS = NO;
				ENABLE_STRICT_OBJC_MSGSEND = YES;
				GCC_C_LANGUAGE_STANDARD = gnu99;
				GCC_NO_COMMON_BLOCKS = YES;
				GCC_WARN_64_TO_32_BIT_CONVERSION = YES;
				GCC_WARN_ABOUT_RETURN_TYPE = YES_ERROR;
				GCC_WARN_UNDECLARED_SELECTOR = YES;
				GCC_WARN_UNINITIALIZED_AUTOS = YES_AGGRESSIVE;
				GCC_WARN_UNUSED_FUNCTION = YES;
				GCC_WARN_UNUSED_VARIABLE = YES;
				IPHONEOS_DEPLOYMENT_TARGET = 9.2;
				MTL_ENABLE_DEBUG_INFO = NO;
				SDKROOT = iphoneos;
				TARGETED_DEVICE_FAMILY = "1,2";
				VALIDATE_PRODUCT = YES;
			};
			name = Release;
		};
		CB50B3E41DBD8F02004A0422 /* Debug */ = {
			isa = XCBuildConfiguration;
			buildSettings = {
				ASSETCATALOG_COMPILER_APPICON_NAME = AppIcon;
				INFOPLIST_FILE = BoredBets/Info.plist;
				LD_RUNPATH_SEARCH_PATHS = "$(inherited) @executable_path/Frameworks";
				PRODUCT_BUNDLE_IDENTIFIER = kelly.BoredBets;
				PRODUCT_NAME = "$(TARGET_NAME)";
			};
			name = Debug;
		};
		CB50B3E51DBD8F02004A0422 /* Release */ = {
			isa = XCBuildConfiguration;
			buildSettings = {
				ASSETCATALOG_COMPILER_APPICON_NAME = AppIcon;
				INFOPLIST_FILE = BoredBets/Info.plist;
				LD_RUNPATH_SEARCH_PATHS = "$(inherited) @executable_path/Frameworks";
				PRODUCT_BUNDLE_IDENTIFIER = kelly.BoredBets;
				PRODUCT_NAME = "$(TARGET_NAME)";
			};
			name = Release;
		};
		CB50B3E71DBD8F02004A0422 /* Debug */ = {
			isa = XCBuildConfiguration;
			buildSettings = {
				BUNDLE_LOADER = "$(TEST_HOST)";
				INFOPLIST_FILE = BoredBetsTests/Info.plist;
				LD_RUNPATH_SEARCH_PATHS = "$(inherited) @executable_path/Frameworks @loader_path/Frameworks";
				PRODUCT_BUNDLE_IDENTIFIER = kelly.BoredBetsTests;
				PRODUCT_NAME = "$(TARGET_NAME)";
				TEST_HOST = "$(BUILT_PRODUCTS_DIR)/BoredBets.app/BoredBets";
			};
			name = Debug;
		};
		CB50B3E81DBD8F02004A0422 /* Release */ = {
			isa = XCBuildConfiguration;
			buildSettings = {
				BUNDLE_LOADER = "$(TEST_HOST)";
				INFOPLIST_FILE = BoredBetsTests/Info.plist;
				LD_RUNPATH_SEARCH_PATHS = "$(inherited) @executable_path/Frameworks @loader_path/Frameworks";
				PRODUCT_BUNDLE_IDENTIFIER = kelly.BoredBetsTests;
				PRODUCT_NAME = "$(TARGET_NAME)";
				TEST_HOST = "$(BUILT_PRODUCTS_DIR)/BoredBets.app/BoredBets";
			};
			name = Release;
		};
		CB50B3EA1DBD8F02004A0422 /* Debug */ = {
			isa = XCBuildConfiguration;
			buildSettings = {
				INFOPLIST_FILE = BoredBetsUITests/Info.plist;
				LD_RUNPATH_SEARCH_PATHS = "$(inherited) @executable_path/Frameworks @loader_path/Frameworks";
				PRODUCT_BUNDLE_IDENTIFIER = kelly.BoredBetsUITests;
				PRODUCT_NAME = "$(TARGET_NAME)";
				TEST_TARGET_NAME = BoredBets;
				USES_XCTRUNNER = YES;
			};
			name = Debug;
		};
		CB50B3EB1DBD8F02004A0422 /* Release */ = {
			isa = XCBuildConfiguration;
			buildSettings = {
				INFOPLIST_FILE = BoredBetsUITests/Info.plist;
				LD_RUNPATH_SEARCH_PATHS = "$(inherited) @executable_path/Frameworks @loader_path/Frameworks";
				PRODUCT_BUNDLE_IDENTIFIER = kelly.BoredBetsUITests;
				PRODUCT_NAME = "$(TARGET_NAME)";
				TEST_TARGET_NAME = BoredBets;
				USES_XCTRUNNER = YES;
			};
			name = Release;
		};
/* End XCBuildConfiguration section */

/* Begin XCConfigurationList section */
		CB50B3B21DBD8F02004A0422 /* Build configuration list for PBXProject "BoredBets" */ = {
			isa = XCConfigurationList;
			buildConfigurations = (
				CB50B3E11DBD8F02004A0422 /* Debug */,
				CB50B3E21DBD8F02004A0422 /* Release */,
			);
			defaultConfigurationIsVisible = 0;
			defaultConfigurationName = Release;
		};
		CB50B3E31DBD8F02004A0422 /* Build configuration list for PBXNativeTarget "BoredBets" */ = {
			isa = XCConfigurationList;
			buildConfigurations = (
				CB50B3E41DBD8F02004A0422 /* Debug */,
				CB50B3E51DBD8F02004A0422 /* Release */,
			);
			defaultConfigurationIsVisible = 0;
		};
		CB50B3E61DBD8F02004A0422 /* Build configuration list for PBXNativeTarget "BoredBetsTests" */ = {
			isa = XCConfigurationList;
			buildConfigurations = (
				CB50B3E71DBD8F02004A0422 /* Debug */,
				CB50B3E81DBD8F02004A0422 /* Release */,
			);
			defaultConfigurationIsVisible = 0;
		};
		CB50B3E91DBD8F02004A0422 /* Build configuration list for PBXNativeTarget "BoredBetsUITests" */ = {
			isa = XCConfigurationList;
			buildConfigurations = (
				CB50B3EA1DBD8F02004A0422 /* Debug */,
				CB50B3EB1DBD8F02004A0422 /* Release */,
			);
			defaultConfigurationIsVisible = 0;
		};
/* End XCConfigurationList section */
	};
	rootObject = CB50B3AF1DBD8F02004A0422 /* Project object */;
}
